// !$*UTF8*$!
{
	archiveVersion = 1;
	classes = {
	};
	objectVersion = 50;
	objects = {

/* Begin PBXBuildFile section */
		3DB6DC462693ED6800E91295 /* AppDelegate.swift in Sources */ = {isa = PBXBuildFile; fileRef = 3DB6DC452693ED6800E91295 /* AppDelegate.swift */; };
		3DB6DC482693ED6800E91295 /* SceneDelegate.swift in Sources */ = {isa = PBXBuildFile; fileRef = 3DB6DC472693ED6800E91295 /* SceneDelegate.swift */; };
		3DB6DC4A2693ED6800E91295 /* ContentView.swift in Sources */ = {isa = PBXBuildFile; fileRef = 3DB6DC492693ED6800E91295 /* ContentView.swift */; };
		3DB6DC4C2693ED6A00E91295 /* Assets.xcassets in Resources */ = {isa = PBXBuildFile; fileRef = 3DB6DC4B2693ED6A00E91295 /* Assets.xcassets */; };
		3DB6DC4F2693ED6A00E91295 /* Preview Assets.xcassets in Resources */ = {isa = PBXBuildFile; fileRef = 3DB6DC4E2693ED6A00E91295 /* Preview Assets.xcassets */; };
		3DB6DC522693ED6A00E91295 /* LaunchScreen.storyboard in Resources */ = {isa = PBXBuildFile; fileRef = 3DB6DC502693ED6A00E91295 /* LaunchScreen.storyboard */; };
		3DB6DC5D2693ED6B00E91295 /* FirstAppTests.swift in Sources */ = {isa = PBXBuildFile; fileRef = 3DB6DC5C2693ED6B00E91295 /* FirstAppTests.swift */; };
		3DB6DC682693ED6B00E91295 /* FirstAppUITests.swift in Sources */ = {isa = PBXBuildFile; fileRef = 3DB6DC672693ED6B00E91295 /* FirstAppUITests.swift */; };
/* End PBXBuildFile section */

/* Begin PBXContainerItemProxy section */
		3DB6DC592693ED6B00E91295 /* PBXContainerItemProxy */ = {
			isa = PBXContainerItemProxy;
			containerPortal = 3DB6DC3A2693ED6700E91295 /* Project object */;
			proxyType = 1;
			remoteGlobalIDString = 3DB6DC412693ED6800E91295;
			remoteInfo = FirstApp;
		};
		3DB6DC642693ED6B00E91295 /* PBXContainerItemProxy */ = {
			isa = PBXContainerItemProxy;
			containerPortal = 3DB6DC3A2693ED6700E91295 /* Project object */;
			proxyType = 1;
			remoteGlobalIDString = 3DB6DC412693ED6800E91295;
			remoteInfo = FirstApp;
		};
/* End PBXContainerItemProxy section */

/* Begin PBXFileReference section */
		3DB6DC422693ED6800E91295 /* FirstApp.app */ = {isa = PBXFileReference; explicitFileType = wrapper.application; includeInIndex = 0; path = FirstApp.app; sourceTree = BUILT_PRODUCTS_DIR; };
		3DB6DC452693ED6800E91295 /* AppDelegate.swift */ = {isa = PBXFileReference; lastKnownFileType = sourcecode.swift; path = AppDelegate.swift; sourceTree = "<group>"; };
		3DB6DC472693ED6800E91295 /* SceneDelegate.swift */ = {isa = PBXFileReference; lastKnownFileType = sourcecode.swift; path = SceneDelegate.swift; sourceTree = "<group>"; };
		3DB6DC492693ED6800E91295 /* ContentView.swift */ = {isa = PBXFileReference; lastKnownFileType = sourcecode.swift; path = ContentView.swift; sourceTree = "<group>"; };
		3DB6DC4B2693ED6A00E91295 /* Assets.xcassets */ = {isa = PBXFileReference; lastKnownFileType = folder.assetcatalog; path = Assets.xcassets; sourceTree = "<group>"; };
		3DB6DC4E2693ED6A00E91295 /* Preview Assets.xcassets */ = {isa = PBXFileReference; lastKnownFileType = folder.assetcatalog; path = "Preview Assets.xcassets"; sourceTree = "<group>"; };
		3DB6DC512693ED6A00E91295 /* Base */ = {isa = PBXFileReference; lastKnownFileType = file.storyboard; name = Base; path = Base.lproj/LaunchScreen.storyboard; sourceTree = "<group>"; };
		3DB6DC532693ED6A00E91295 /* Info.plist */ = {isa = PBXFileReference; lastKnownFileType = text.plist.xml; path = Info.plist; sourceTree = "<group>"; };
		3DB6DC582693ED6B00E91295 /* FirstAppTests.xctest */ = {isa = PBXFileReference; explicitFileType = wrapper.cfbundle; includeInIndex = 0; path = FirstAppTests.xctest; sourceTree = BUILT_PRODUCTS_DIR; };
		3DB6DC5C2693ED6B00E91295 /* FirstAppTests.swift */ = {isa = PBXFileReference; lastKnownFileType = sourcecode.swift; path = FirstAppTests.swift; sourceTree = "<group>"; };
		3DB6DC5E2693ED6B00E91295 /* Info.plist */ = {isa = PBXFileReference; lastKnownFileType = text.plist.xml; path = Info.plist; sourceTree = "<group>"; };
		3DB6DC632693ED6B00E91295 /* FirstAppUITests.xctest */ = {isa = PBXFileReference; explicitFileType = wrapper.cfbundle; includeInIndex = 0; path = FirstAppUITests.xctest; sourceTree = BUILT_PRODUCTS_DIR; };
		3DB6DC672693ED6B00E91295 /* FirstAppUITests.swift */ = {isa = PBXFileReference; lastKnownFileType = sourcecode.swift; path = FirstAppUITests.swift; sourceTree = "<group>"; };
		3DB6DC692693ED6B00E91295 /* Info.plist */ = {isa = PBXFileReference; lastKnownFileType = text.plist.xml; path = Info.plist; sourceTree = "<group>"; };
/* End PBXFileReference section */

/* Begin PBXFrameworksBuildPhase section */
		3DB6DC3F2693ED6800E91295 /* Frameworks */ = {
			isa = PBXFrameworksBuildPhase;
			buildActionMask = 2147483647;
			files = (
			);
			runOnlyForDeploymentPostprocessing = 0;
		};
		3DB6DC552693ED6B00E91295 /* Frameworks */ = {
			isa = PBXFrameworksBuildPhase;
			buildActionMask = 2147483647;
			files = (
			);
			runOnlyForDeploymentPostprocessing = 0;
		};
		3DB6DC602693ED6B00E91295 /* Frameworks */ = {
			isa = PBXFrameworksBuildPhase;
			buildActionMask = 2147483647;
			files = (
			);
			runOnlyForDeploymentPostprocessing = 0;
		};
/* End PBXFrameworksBuildPhase section */

/* Begin PBXGroup section */
		3DB6DC392693ED6700E91295 = {
			isa = PBXGroup;
			children = (
				3DB6DC442693ED6800E91295 /* FirstApp */,
				3DB6DC5B2693ED6B00E91295 /* FirstAppTests */,
				3DB6DC662693ED6B00E91295 /* FirstAppUITests */,
				3DB6DC432693ED6800E91295 /* Products */,
			);
			sourceTree = "<group>";
		};
		3DB6DC432693ED6800E91295 /* Products */ = {
			isa = PBXGroup;
			children = (
				3DB6DC422693ED6800E91295 /* FirstApp.app */,
				3DB6DC582693ED6B00E91295 /* FirstAppTests.xctest */,
				3DB6DC632693ED6B00E91295 /* FirstAppUITests.xctest */,
			);
			name = Products;
			sourceTree = "<group>";
		};
		3DB6DC442693ED6800E91295 /* FirstApp */ = {
			isa = PBXGroup;
			children = (
				3DB6DC452693ED6800E91295 /* AppDelegate.swift */,
				3DB6DC472693ED6800E91295 /* SceneDelegate.swift */,
				3DB6DC492693ED6800E91295 /* ContentView.swift */,
				3DB6DC4B2693ED6A00E91295 /* Assets.xcassets */,
				3DB6DC502693ED6A00E91295 /* LaunchScreen.storyboard */,
				3DB6DC532693ED6A00E91295 /* Info.plist */,
				3DB6DC4D2693ED6A00E91295 /* Preview Content */,
			);
			path = FirstApp;
			sourceTree = "<group>";
		};
		3DB6DC4D2693ED6A00E91295 /* Preview Content */ = {
			isa = PBXGroup;
			children = (
				3DB6DC4E2693ED6A00E91295 /* Preview Assets.xcassets */,
			);
			path = "Preview Content";
			sourceTree = "<group>";
		};
		3DB6DC5B2693ED6B00E91295 /* FirstAppTests */ = {
			isa = PBXGroup;
			children = (
				3DB6DC5C2693ED6B00E91295 /* FirstAppTests.swift */,
				3DB6DC5E2693ED6B00E91295 /* Info.plist */,
			);
			path = FirstAppTests;
			sourceTree = "<group>";
		};
		3DB6DC662693ED6B00E91295 /* FirstAppUITests */ = {
			isa = PBXGroup;
			children = (
				3DB6DC672693ED6B00E91295 /* FirstAppUITests.swift */,
				3DB6DC692693ED6B00E91295 /* Info.plist */,
			);
			path = FirstAppUITests;
			sourceTree = "<group>";
		};
/* End PBXGroup section */

/* Begin PBXNativeTarget section */
		3DB6DC412693ED6800E91295 /* FirstApp */ = {
			isa = PBXNativeTarget;
			buildConfigurationList = 3DB6DC6C2693ED6B00E91295 /* Build configuration list for PBXNativeTarget "FirstApp" */;
			buildPhases = (
				3DB6DC3E2693ED6800E91295 /* Sources */,
				3DB6DC3F2693ED6800E91295 /* Frameworks */,
				3DB6DC402693ED6800E91295 /* Resources */,
			);
			buildRules = (
			);
			dependencies = (
			);
			name = FirstApp;
			productName = FirstApp;
			productReference = 3DB6DC422693ED6800E91295 /* FirstApp.app */;
			productType = "com.apple.product-type.application";
		};
		3DB6DC572693ED6B00E91295 /* FirstAppTests */ = {
			isa = PBXNativeTarget;
			buildConfigurationList = 3DB6DC6F2693ED6B00E91295 /* Build configuration list for PBXNativeTarget "FirstAppTests" */;
			buildPhases = (
				3DB6DC542693ED6B00E91295 /* Sources */,
				3DB6DC552693ED6B00E91295 /* Frameworks */,
				3DB6DC562693ED6B00E91295 /* Resources */,
			);
			buildRules = (
			);
			dependencies = (
				3DB6DC5A2693ED6B00E91295 /* PBXTargetDependency */,
			);
			name = FirstAppTests;
			productName = FirstAppTests;
			productReference = 3DB6DC582693ED6B00E91295 /* FirstAppTests.xctest */;
			productType = "com.apple.product-type.bundle.unit-test";
		};
		3DB6DC622693ED6B00E91295 /* FirstAppUITests */ = {
			isa = PBXNativeTarget;
			buildConfigurationList = 3DB6DC722693ED6B00E91295 /* Build configuration list for PBXNativeTarget "FirstAppUITests" */;
			buildPhases = (
				3DB6DC5F2693ED6B00E91295 /* Sources */,
				3DB6DC602693ED6B00E91295 /* Frameworks */,
				3DB6DC612693ED6B00E91295 /* Resources */,
			);
			buildRules = (
			);
			dependencies = (
				3DB6DC652693ED6B00E91295 /* PBXTargetDependency */,
			);
			name = FirstAppUITests;
			productName = FirstAppUITests;
			productReference = 3DB6DC632693ED6B00E91295 /* FirstAppUITests.xctest */;
			productType = "com.apple.product-type.bundle.ui-testing";
		};
/* End PBXNativeTarget section */

/* Begin PBXProject section */
		3DB6DC3A2693ED6700E91295 /* Project object */ = {
			isa = PBXProject;
			attributes = {
				LastSwiftUpdateCheck = 1250;
				LastUpgradeCheck = 1250;
				TargetAttributes = {
					3DB6DC412693ED6800E91295 = {
						CreatedOnToolsVersion = 12.5.1;
					};
					3DB6DC572693ED6B00E91295 = {
						CreatedOnToolsVersion = 12.5.1;
						TestTargetID = 3DB6DC412693ED6800E91295;
					};
					3DB6DC622693ED6B00E91295 = {
						CreatedOnToolsVersion = 12.5.1;
						TestTargetID = 3DB6DC412693ED6800E91295;
					};
				};
			};
			buildConfigurationList = 3DB6DC3D2693ED6700E91295 /* Build configuration list for PBXProject "FirstApp" */;
			compatibilityVersion = "Xcode 9.3";
			developmentRegion = en;
			hasScannedForEncodings = 0;
			knownRegions = (
				en,
				Base,
			);
			mainGroup = 3DB6DC392693ED6700E91295;
			productRefGroup = 3DB6DC432693ED6800E91295 /* Products */;
			projectDirPath = "";
			projectRoot = "";
			targets = (
				3DB6DC412693ED6800E91295 /* FirstApp */,
				3DB6DC572693ED6B00E91295 /* FirstAppTests */,
				3DB6DC622693ED6B00E91295 /* FirstAppUITests */,
			);
		};
/* End PBXProject section */

/* Begin PBXResourcesBuildPhase section */
		3DB6DC402693ED6800E91295 /* Resources */ = {
			isa = PBXResourcesBuildPhase;
			buildActionMask = 2147483647;
			files = (
				3DB6DC522693ED6A00E91295 /* LaunchScreen.storyboard in Resources */,
				3DB6DC4F2693ED6A00E91295 /* Preview Assets.xcassets in Resources */,
				3DB6DC4C2693ED6A00E91295 /* Assets.xcassets in Resources */,
			);
			runOnlyForDeploymentPostprocessing = 0;
		};
		3DB6DC562693ED6B00E91295 /* Resources */ = {
			isa = PBXResourcesBuildPhase;
			buildActionMask = 2147483647;
			files = (
			);
			runOnlyForDeploymentPostprocessing = 0;
		};
		3DB6DC612693ED6B00E91295 /* Resources */ = {
			isa = PBXResourcesBuildPhase;
			buildActionMask = 2147483647;
			files = (
			);
			runOnlyForDeploymentPostprocessing = 0;
		};
/* End PBXResourcesBuildPhase section */

/* Begin PBXSourcesBuildPhase section */
		3DB6DC3E2693ED6800E91295 /* Sources */ = {
			isa = PBXSourcesBuildPhase;
			buildActionMask = 2147483647;
			files = (
				3DB6DC462693ED6800E91295 /* AppDelegate.swift in Sources */,
				3DB6DC482693ED6800E91295 /* SceneDelegate.swift in Sources */,
				3DB6DC4A2693ED6800E91295 /* ContentView.swift in Sources */,
			);
			runOnlyForDeploymentPostprocessing = 0;
		};
		3DB6DC542693ED6B00E91295 /* Sources */ = {
			isa = PBXSourcesBuildPhase;
			buildActionMask = 2147483647;
			files = (
				3DB6DC5D2693ED6B00E91295 /* FirstAppTests.swift in Sources */,
			);
			runOnlyForDeploymentPostprocessing = 0;
		};
		3DB6DC5F2693ED6B00E91295 /* Sources */ = {
			isa = PBXSourcesBuildPhase;
			buildActionMask = 2147483647;
			files = (
				3DB6DC682693ED6B00E91295 /* FirstAppUITests.swift in Sources */,
			);
			runOnlyForDeploymentPostprocessing = 0;
		};
/* End PBXSourcesBuildPhase section */

/* Begin PBXTargetDependency section */
		3DB6DC5A2693ED6B00E91295 /* PBXTargetDependency */ = {
			isa = PBXTargetDependency;
			target = 3DB6DC412693ED6800E91295 /* FirstApp */;
			targetProxy = 3DB6DC592693ED6B00E91295 /* PBXContainerItemProxy */;
		};
		3DB6DC652693ED6B00E91295 /* PBXTargetDependency */ = {
			isa = PBXTargetDependency;
			target = 3DB6DC412693ED6800E91295 /* FirstApp */;
			targetProxy = 3DB6DC642693ED6B00E91295 /* PBXContainerItemProxy */;
		};
/* End PBXTargetDependency section */

/* Begin PBXVariantGroup section */
		3DB6DC502693ED6A00E91295 /* LaunchScreen.storyboard */ = {
			isa = PBXVariantGroup;
			children = (
				3DB6DC512693ED6A00E91295 /* Base */,
			);
			name = LaunchScreen.storyboard;
			sourceTree = "<group>";
		};
/* End PBXVariantGroup section */

/* Begin XCBuildConfiguration section */
		3DB6DC6A2693ED6B00E91295 /* Debug */ = {
			isa = XCBuildConfiguration;
			buildSettings = {
				ALWAYS_SEARCH_USER_PATHS = NO;
				CLANG_ANALYZER_NONNULL = YES;
				CLANG_ANALYZER_NUMBER_OBJECT_CONVERSION = YES_AGGRESSIVE;
				CLANG_CXX_LANGUAGE_STANDARD = "gnu++14";
				CLANG_CXX_LIBRARY = "libc++";
				CLANG_ENABLE_MODULES = YES;
				CLANG_ENABLE_OBJC_ARC = YES;
				CLANG_ENABLE_OBJC_WEAK = YES;
				CLANG_WARN_BLOCK_CAPTURE_AUTORELEASING = YES;
				CLANG_WARN_BOOL_CONVERSION = YES;
				CLANG_WARN_COMMA = YES;
				CLANG_WARN_CONSTANT_CONVERSION = YES;
				CLANG_WARN_DEPRECATED_OBJC_IMPLEMENTATIONS = YES;
				CLANG_WARN_DIRECT_OBJC_ISA_USAGE = YES_ERROR;
				CLANG_WARN_DOCUMENTATION_COMMENTS = YES;
				CLANG_WARN_EMPTY_BODY = YES;
				CLANG_WARN_ENUM_CONVERSION = YES;
				CLANG_WARN_INFINITE_RECURSION = YES;
				CLANG_WARN_INT_CONVERSION = YES;
				CLANG_WARN_NON_LITERAL_NULL_CONVERSION = YES;
				CLANG_WARN_OBJC_IMPLICIT_RETAIN_SELF = YES;
				CLANG_WARN_OBJC_LITERAL_CONVERSION = YES;
				CLANG_WARN_OBJC_ROOT_CLASS = YES_ERROR;
				CLANG_WARN_QUOTED_INCLUDE_IN_FRAMEWORK_HEADER = YES;
				CLANG_WARN_RANGE_LOOP_ANALYSIS = YES;
				CLANG_WARN_STRICT_PROTOTYPES = YES;
				CLANG_WARN_SUSPICIOUS_MOVE = YES;
				CLANG_WARN_UNGUARDED_AVAILABILITY = YES_AGGRESSIVE;
				CLANG_WARN_UNREACHABLE_CODE = YES;
				CLANG_WARN__DUPLICATE_METHOD_MATCH = YES;
				COPY_PHASE_STRIP = NO;
				DEBUG_INFORMATION_FORMAT = dwarf;
				ENABLE_STRICT_OBJC_MSGSEND = YES;
				ENABLE_TESTABILITY = YES;
				GCC_C_LANGUAGE_STANDARD = gnu11;
				GCC_DYNAMIC_NO_PIC = NO;
				GCC_NO_COMMON_BLOCKS = YES;
				GCC_OPTIMIZATION_LEVEL = 0;
				GCC_PREPROCESSOR_DEFINITIONS = (
					"DEBUG=1",
					"$(inherited)",
				);
				GCC_WARN_64_TO_32_BIT_CONVERSION = YES;
				GCC_WARN_ABOUT_RETURN_TYPE = YES_ERROR;
				GCC_WARN_UNDECLARED_SELECTOR = YES;
				GCC_WARN_UNINITIALIZED_AUTOS = YES_AGGRESSIVE;
				GCC_WARN_UNUSED_FUNCTION = YES;
				GCC_WARN_UNUSED_VARIABLE = YES;
				IPHONEOS_DEPLOYMENT_TARGET = 14.5;
				MTL_ENABLE_DEBUG_INFO = INCLUDE_SOURCE;
				MTL_FAST_MATH = YES;
				ONLY_ACTIVE_ARCH = YES;
				SDKROOT = iphoneos;
				SWIFT_ACTIVE_COMPILATION_CONDITIONS = DEBUG;
				SWIFT_OPTIMIZATION_LEVEL = "-Onone";
			};
			name = Debug;
		};
		3DB6DC6B2693ED6B00E91295 /* Release */ = {
			isa = XCBuildConfiguration;
			buildSettings = {
				ALWAYS_SEARCH_USER_PATHS = NO;
				CLANG_ANALYZER_NONNULL = YES;
				CLANG_ANALYZER_NUMBER_OBJECT_CONVERSION = YES_AGGRESSIVE;
				CLANG_CXX_LANGUAGE_STANDARD = "gnu++14";
				CLANG_CXX_LIBRARY = "libc++";
				CLANG_ENABLE_MODULES = YES;
				CLANG_ENABLE_OBJC_ARC = YES;
				CLANG_ENABLE_OBJC_WEAK = YES;
				CLANG_WARN_BLOCK_CAPTURE_AUTORELEASING = YES;
				CLANG_WARN_BOOL_CONVERSION = YES;
				CLANG_WARN_COMMA = YES;
				CLANG_WARN_CONSTANT_CONVERSION = YES;
				CLANG_WARN_DEPRECATED_OBJC_IMPLEMENTATIONS = YES;
				CLANG_WARN_DIRECT_OBJC_ISA_USAGE = YES_ERROR;
				CLANG_WARN_DOCUMENTATION_COMMENTS = YES;
				CLANG_WARN_EMPTY_BODY = YES;
				CLANG_WARN_ENUM_CONVERSION = YES;
				CLANG_WARN_INFINITE_RECURSION = YES;
				CLANG_WARN_INT_CONVERSION = YES;
				CLANG_WARN_NON_LITERAL_NULL_CONVERSION = YES;
				CLANG_WARN_OBJC_IMPLICIT_RETAIN_SELF = YES;
				CLANG_WARN_OBJC_LITERAL_CONVERSION = YES;
				CLANG_WARN_OBJC_ROOT_CLASS = YES_ERROR;
				CLANG_WARN_QUOTED_INCLUDE_IN_FRAMEWORK_HEADER = YES;
				CLANG_WARN_RANGE_LOOP_ANALYSIS = YES;
				CLANG_WARN_STRICT_PROTOTYPES = YES;
				CLANG_WARN_SUSPICIOUS_MOVE = YES;
				CLANG_WARN_UNGUARDED_AVAILABILITY = YES_AGGRESSIVE;
				CLANG_WARN_UNREACHABLE_CODE = YES;
				CLANG_WARN__DUPLICATE_METHOD_MATCH = YES;
				COPY_PHASE_STRIP = NO;
				DEBUG_INFORMATION_FORMAT = "dwarf-with-dsym";
				ENABLE_NS_ASSERTIONS = NO;
				ENABLE_STRICT_OBJC_MSGSEND = YES;
				GCC_C_LANGUAGE_STANDARD = gnu11;
				GCC_NO_COMMON_BLOCKS = YES;
				GCC_WARN_64_TO_32_BIT_CONVERSION = YES;
				GCC_WARN_ABOUT_RETURN_TYPE = YES_ERROR;
				GCC_WARN_UNDECLARED_SELECTOR = YES;
				GCC_WARN_UNINITIALIZED_AUTOS = YES_AGGRESSIVE;
				GCC_WARN_UNUSED_FUNCTION = YES;
				GCC_WARN_UNUSED_VARIABLE = YES;
				IPHONEOS_DEPLOYMENT_TARGET = 14.5;
				MTL_ENABLE_DEBUG_INFO = NO;
				MTL_FAST_MATH = YES;
				SDKROOT = iphoneos;
				SWIFT_COMPILATION_MODE = wholemodule;
				SWIFT_OPTIMIZATION_LEVEL = "-O";
				VALIDATE_PRODUCT = YES;
			};
			name = Release;
		};
		3DB6DC6D2693ED6B00E91295 /* Debug */ = {
			isa = XCBuildConfiguration;
			buildSettings = {
				ASSETCATALOG_COMPILER_APPICON_NAME = AppIcon;
				ASSETCATALOG_COMPILER_GLOBAL_ACCENT_COLOR_NAME = AccentColor;
				CODE_SIGN_STYLE = Automatic;
				DEVELOPMENT_ASSET_PATHS = "\"FirstApp/Preview Content\"";
				DEVELOPMENT_TEAM = 4NYNKSRA5Z;
				ENABLE_PREVIEWS = YES;
				INFOPLIST_FILE = FirstApp/Info.plist;
				LD_RUNPATH_SEARCH_PATHS = (
					"$(inherited)",
					"@executable_path/Frameworks",
				);
				PRODUCT_BUNDLE_IDENTIFIER = kr.ac.kpu.ce.ios.scgyong.FirstApp;
				PRODUCT_NAME = "$(TARGET_NAME)";
				SWIFT_VERSION = 5.0;
				TARGETED_DEVICE_FAMILY = "1,2";
			};
			name = Debug;
		};
		3DB6DC6E2693ED6B00E91295 /* Release */ = {
			isa = XCBuildConfiguration;
			buildSettings = {
				ASSETCATALOG_COMPILER_APPICON_NAME = AppIcon;
				ASSETCATALOG_COMPILER_GLOBAL_ACCENT_COLOR_NAME = AccentColor;
				CODE_SIGN_STYLE = Automatic;
				DEVELOPMENT_ASSET_PATHS = "\"FirstApp/Preview Content\"";
				DEVELOPMENT_TEAM = 4NYNKSRA5Z;
				ENABLE_PREVIEWS = YES;
				INFOPLIST_FILE = FirstApp/Info.plist;
				LD_RUNPATH_SEARCH_PATHS = (
					"$(inherited)",
					"@executable_path/Frameworks",
				);
				PRODUCT_BUNDLE_IDENTIFIER = kr.ac.kpu.ce.ios.scgyong.FirstApp;
				PRODUCT_NAME = "$(TARGET_NAME)";
				SWIFT_VERSION = 5.0;
				TARGETED_DEVICE_FAMILY = "1,2";
			};
			name = Release;
		};
		3DB6DC702693ED6B00E91295 /* Debug */ = {
			isa = XCBuildConfiguration;
			buildSettings = {
				ALWAYS_EMBED_SWIFT_STANDARD_LIBRARIES = YES;
				BUNDLE_LOADER = "$(TEST_HOST)";
				CODE_SIGN_STYLE = Automatic;
				DEVELOPMENT_TEAM = 4NYNKSRA5Z;
				INFOPLIST_FILE = FirstAppTests/Info.plist;
				IPHONEOS_DEPLOYMENT_TARGET = 14.5;
				LD_RUNPATH_SEARCH_PATHS = (
					"$(inherited)",
					"@executable_path/Frameworks",
					"@loader_path/Frameworks",
				);
				PRODUCT_BUNDLE_IDENTIFIER = kr.ac.kpu.ce.ios.scgyong.FirstAppTests;
				PRODUCT_NAME = "$(TARGET_NAME)";
				SWIFT_VERSION = 5.0;
				TARGETED_DEVICE_FAMILY = "1,2";
				TEST_HOST = "$(BUILT_PRODUCTS_DIR)/FirstApp.app/FirstApp";
			};
			name = Debug;
		};
		3DB6DC712693ED6B00E91295 /* Release */ = {
			isa = XCBuildConfiguration;
			buildSettings = {
				ALWAYS_EMBED_SWIFT_STANDARD_LIBRARIES = YES;
				BUNDLE_LOADER = "$(TEST_HOST)";
				CODE_SIGN_STYLE = Automatic;
				DEVELOPMENT_TEAM = 4NYNKSRA5Z;
				INFOPLIST_FILE = FirstAppTests/Info.plist;
				IPHONEOS_DEPLOYMENT_TARGET = 14.5;
				LD_RUNPATH_SEARCH_PATHS = (
					"$(inherited)",
					"@executable_path/Frameworks",
					"@loader_path/Frameworks",
				);
				PRODUCT_BUNDLE_IDENTIFIER = kr.ac.kpu.ce.ios.scgyong.FirstAppTests;
				PRODUCT_NAME = "$(TARGET_NAME)";
				SWIFT_VERSION = 5.0;
				TARGETED_DEVICE_FAMILY = "1,2";
				TEST_HOST = "$(BUILT_PRODUCTS_DIR)/FirstApp.app/FirstApp";
			};
			name = Release;
		};
		3DB6DC732693ED6B00E91295 /* Debug */ = {
			isa = XCBuildConfiguration;
			buildSettings = {
				ALWAYS_EMBED_SWIFT_STANDARD_LIBRARIES = YES;
				CODE_SIGN_STYLE = Automatic;
				DEVELOPMENT_TEAM = 4NYNKSRA5Z;
				INFOPLIST_FILE = FirstAppUITests/Info.plist;
				LD_RUNPATH_SEARCH_PATHS = (
					"$(inherited)",
					"@executable_path/Frameworks",
					"@loader_path/Frameworks",
				);
				PRODUCT_BUNDLE_IDENTIFIER = kr.ac.kpu.ce.ios.scgyong.FirstAppUITests;
				PRODUCT_NAME = "$(TARGET_NAME)";
				SWIFT_VERSION = 5.0;
				TARGETED_DEVICE_FAMILY = "1,2";
				TEST_TARGET_NAME = FirstApp;
			};
			name = Debug;
		};
		3DB6DC742693ED6B00E91295 /* Release */ = {
			isa = XCBuildConfiguration;
			buildSettings = {
				ALWAYS_EMBED_SWIFT_STANDARD_LIBRARIES = YES;
				CODE_SIGN_STYLE = Automatic;
				DEVELOPMENT_TEAM = 4NYNKSRA5Z;
				INFOPLIST_FILE = FirstAppUITests/Info.plist;
				LD_RUNPATH_SEARCH_PATHS = (
					"$(inherited)",
					"@executable_path/Frameworks",
					"@loader_path/Frameworks",
				);
				PRODUCT_BUNDLE_IDENTIFIER = kr.ac.kpu.ce.ios.scgyong.FirstAppUITests;
				PRODUCT_NAME = "$(TARGET_NAME)";
				SWIFT_VERSION = 5.0;
				TARGETED_DEVICE_FAMILY = "1,2";
				TEST_TARGET_NAME = FirstApp;
			};
			name = Release;
		};
/* End XCBuildConfiguration section */

/* Begin XCConfigurationList section */
		3DB6DC3D2693ED6700E91295 /* Build configuration list for PBXProject "FirstApp" */ = {
			isa = XCConfigurationList;
			buildConfigurations = (
				3DB6DC6A2693ED6B00E91295 /* Debug */,
				3DB6DC6B2693ED6B00E91295 /* Release */,
			);
			defaultConfigurationIsVisible = 0;
			defaultConfigurationName = Release;
		};
		3DB6DC6C2693ED6B00E91295 /* Build configuration list for PBXNativeTarget "FirstApp" */ = {
			isa = XCConfigurationList;
			buildConfigurations = (
				3DB6DC6D2693ED6B00E91295 /* Debug */,
				3DB6DC6E2693ED6B00E91295 /* Release */,
			);
			defaultConfigurationIsVisible = 0;
			defaultConfigurationName = Release;
		};
		3DB6DC6F2693ED6B00E91295 /* Build configuration list for PBXNativeTarget "FirstAppTests" */ = {
			isa = XCConfigurationList;
			buildConfigurations = (
				3DB6DC702693ED6B00E91295 /* Debug */,
				3DB6DC712693ED6B00E91295 /* Release */,
			);
			defaultConfigurationIsVisible = 0;
			defaultConfigurationName = Release;
		};
		3DB6DC722693ED6B00E91295 /* Build configuration list for PBXNativeTarget "FirstAppUITests" */ = {
			isa = XCConfigurationList;
			buildConfigurations = (
				3DB6DC732693ED6B00E91295 /* Debug */,
				3DB6DC742693ED6B00E91295 /* Release */,
			);
			defaultConfigurationIsVisible = 0;
			defaultConfigurationName = Release;
		};
/* End XCConfigurationList section */
	};
	rootObject = 3DB6DC3A2693ED6700E91295 /* Project object */;
}
