// !$*UTF8*$!
{
	archiveVersion = 1;
	classes = {
	};
	objectVersion = 50;
	objects = {

/* Begin PBXBuildFile section */
		3DA13DCB2695663F005769D3 /* AppDelegate.swift in Sources */ = {isa = PBXBuildFile; fileRef = 3DA13DCA2695663F005769D3 /* AppDelegate.swift */; };
		3DA13DCD2695663F005769D3 /* SceneDelegate.swift in Sources */ = {isa = PBXBuildFile; fileRef = 3DA13DCC2695663F005769D3 /* SceneDelegate.swift */; };
		3DA13DCF2695663F005769D3 /* ContentView.swift in Sources */ = {isa = PBXBuildFile; fileRef = 3DA13DCE2695663F005769D3 /* ContentView.swift */; };
		3DA13DD126956642005769D3 /* Assets.xcassets in Resources */ = {isa = PBXBuildFile; fileRef = 3DA13DD026956642005769D3 /* Assets.xcassets */; };
		3DA13DD426956642005769D3 /* Preview Assets.xcassets in Resources */ = {isa = PBXBuildFile; fileRef = 3DA13DD326956642005769D3 /* Preview Assets.xcassets */; };
		3DA13DD726956642005769D3 /* LaunchScreen.storyboard in Resources */ = {isa = PBXBuildFile; fileRef = 3DA13DD526956642005769D3 /* LaunchScreen.storyboard */; };
		3DA13DE226956643005769D3 /* ListAppTests.swift in Sources */ = {isa = PBXBuildFile; fileRef = 3DA13DE126956643005769D3 /* ListAppTests.swift */; };
		3DA13DED26956643005769D3 /* ListAppUITests.swift in Sources */ = {isa = PBXBuildFile; fileRef = 3DA13DEC26956643005769D3 /* ListAppUITests.swift */; };
/* End PBXBuildFile section */

/* Begin PBXContainerItemProxy section */
		3DA13DDE26956643005769D3 /* PBXContainerItemProxy */ = {
			isa = PBXContainerItemProxy;
			containerPortal = 3DA13DBF2695663F005769D3 /* Project object */;
			proxyType = 1;
			remoteGlobalIDString = 3DA13DC62695663F005769D3;
			remoteInfo = ListApp;
		};
		3DA13DE926956643005769D3 /* PBXContainerItemProxy */ = {
			isa = PBXContainerItemProxy;
			containerPortal = 3DA13DBF2695663F005769D3 /* Project object */;
			proxyType = 1;
			remoteGlobalIDString = 3DA13DC62695663F005769D3;
			remoteInfo = ListApp;
		};
/* End PBXContainerItemProxy section */

/* Begin PBXFileReference section */
		3DA13DC72695663F005769D3 /* ListApp.app */ = {isa = PBXFileReference; explicitFileType = wrapper.application; includeInIndex = 0; path = ListApp.app; sourceTree = BUILT_PRODUCTS_DIR; };
		3DA13DCA2695663F005769D3 /* AppDelegate.swift */ = {isa = PBXFileReference; lastKnownFileType = sourcecode.swift; path = AppDelegate.swift; sourceTree = "<group>"; };
		3DA13DCC2695663F005769D3 /* SceneDelegate.swift */ = {isa = PBXFileReference; lastKnownFileType = sourcecode.swift; path = SceneDelegate.swift; sourceTree = "<group>"; };
		3DA13DCE2695663F005769D3 /* ContentView.swift */ = {isa = PBXFileReference; lastKnownFileType = sourcecode.swift; path = ContentView.swift; sourceTree = "<group>"; };
		3DA13DD026956642005769D3 /* Assets.xcassets */ = {isa = PBXFileReference; lastKnownFileType = folder.assetcatalog; path = Assets.xcassets; sourceTree = "<group>"; };
		3DA13DD326956642005769D3 /* Preview Assets.xcassets */ = {isa = PBXFileReference; lastKnownFileType = folder.assetcatalog; path = "Preview Assets.xcassets"; sourceTree = "<group>"; };
		3DA13DD626956642005769D3 /* Base */ = {isa = PBXFileReference; lastKnownFileType = file.storyboard; name = Base; path = Base.lproj/LaunchScreen.storyboard; sourceTree = "<group>"; };
		3DA13DD826956642005769D3 /* Info.plist */ = {isa = PBXFileReference; lastKnownFileType = text.plist.xml; path = Info.plist; sourceTree = "<group>"; };
		3DA13DDD26956643005769D3 /* ListAppTests.xctest */ = {isa = PBXFileReference; explicitFileType = wrapper.cfbundle; includeInIndex = 0; path = ListAppTests.xctest; sourceTree = BUILT_PRODUCTS_DIR; };
		3DA13DE126956643005769D3 /* ListAppTests.swift */ = {isa = PBXFileReference; lastKnownFileType = sourcecode.swift; path = ListAppTests.swift; sourceTree = "<group>"; };
		3DA13DE326956643005769D3 /* Info.plist */ = {isa = PBXFileReference; lastKnownFileType = text.plist.xml; path = Info.plist; sourceTree = "<group>"; };
		3DA13DE826956643005769D3 /* ListAppUITests.xctest */ = {isa = PBXFileReference; explicitFileType = wrapper.cfbundle; includeInIndex = 0; path = ListAppUITests.xctest; sourceTree = BUILT_PRODUCTS_DIR; };
		3DA13DEC26956643005769D3 /* ListAppUITests.swift */ = {isa = PBXFileReference; lastKnownFileType = sourcecode.swift; path = ListAppUITests.swift; sourceTree = "<group>"; };
		3DA13DEE26956643005769D3 /* Info.plist */ = {isa = PBXFileReference; lastKnownFileType = text.plist.xml; path = Info.plist; sourceTree = "<group>"; };
/* End PBXFileReference section */

/* Begin PBXFrameworksBuildPhase section */
		3DA13DC42695663F005769D3 /* Frameworks */ = {
			isa = PBXFrameworksBuildPhase;
			buildActionMask = 2147483647;
			files = (
			);
			runOnlyForDeploymentPostprocessing = 0;
		};
		3DA13DDA26956643005769D3 /* Frameworks */ = {
			isa = PBXFrameworksBuildPhase;
			buildActionMask = 2147483647;
			files = (
			);
			runOnlyForDeploymentPostprocessing = 0;
		};
		3DA13DE526956643005769D3 /* Frameworks */ = {
			isa = PBXFrameworksBuildPhase;
			buildActionMask = 2147483647;
			files = (
			);
			runOnlyForDeploymentPostprocessing = 0;
		};
/* End PBXFrameworksBuildPhase section */

/* Begin PBXGroup section */
		3DA13DBE2695663F005769D3 = {
			isa = PBXGroup;
			children = (
				3DA13DC92695663F005769D3 /* ListApp */,
				3DA13DE026956643005769D3 /* ListAppTests */,
				3DA13DEB26956643005769D3 /* ListAppUITests */,
				3DA13DC82695663F005769D3 /* Products */,
			);
			sourceTree = "<group>";
		};
		3DA13DC82695663F005769D3 /* Products */ = {
			isa = PBXGroup;
			children = (
				3DA13DC72695663F005769D3 /* ListApp.app */,
				3DA13DDD26956643005769D3 /* ListAppTests.xctest */,
				3DA13DE826956643005769D3 /* ListAppUITests.xctest */,
			);
			name = Products;
			sourceTree = "<group>";
		};
		3DA13DC92695663F005769D3 /* ListApp */ = {
			isa = PBXGroup;
			children = (
				3DA13DCA2695663F005769D3 /* AppDelegate.swift */,
				3DA13DCC2695663F005769D3 /* SceneDelegate.swift */,
				3DA13DCE2695663F005769D3 /* ContentView.swift */,
				3DA13DD026956642005769D3 /* Assets.xcassets */,
				3DA13DD526956642005769D3 /* LaunchScreen.storyboard */,
				3DA13DD826956642005769D3 /* Info.plist */,
				3DA13DD226956642005769D3 /* Preview Content */,
			);
			path = ListApp;
			sourceTree = "<group>";
		};
		3DA13DD226956642005769D3 /* Preview Content */ = {
			isa = PBXGroup;
			children = (
				3DA13DD326956642005769D3 /* Preview Assets.xcassets */,
			);
			path = "Preview Content";
			sourceTree = "<group>";
		};
		3DA13DE026956643005769D3 /* ListAppTests */ = {
			isa = PBXGroup;
			children = (
				3DA13DE126956643005769D3 /* ListAppTests.swift */,
				3DA13DE326956643005769D3 /* Info.plist */,
			);
			path = ListAppTests;
			sourceTree = "<group>";
		};
		3DA13DEB26956643005769D3 /* ListAppUITests */ = {
			isa = PBXGroup;
			children = (
				3DA13DEC26956643005769D3 /* ListAppUITests.swift */,
				3DA13DEE26956643005769D3 /* Info.plist */,
			);
			path = ListAppUITests;
			sourceTree = "<group>";
		};
/* End PBXGroup section */

/* Begin PBXNativeTarget section */
		3DA13DC62695663F005769D3 /* ListApp */ = {
			isa = PBXNativeTarget;
			buildConfigurationList = 3DA13DF126956643005769D3 /* Build configuration list for PBXNativeTarget "ListApp" */;
			buildPhases = (
				3DA13DC32695663F005769D3 /* Sources */,
				3DA13DC42695663F005769D3 /* Frameworks */,
				3DA13DC52695663F005769D3 /* Resources */,
			);
			buildRules = (
			);
			dependencies = (
			);
			name = ListApp;
			productName = ListApp;
			productReference = 3DA13DC72695663F005769D3 /* ListApp.app */;
			productType = "com.apple.product-type.application";
		};
		3DA13DDC26956643005769D3 /* ListAppTests */ = {
			isa = PBXNativeTarget;
			buildConfigurationList = 3DA13DF426956643005769D3 /* Build configuration list for PBXNativeTarget "ListAppTests" */;
			buildPhases = (
				3DA13DD926956643005769D3 /* Sources */,
				3DA13DDA26956643005769D3 /* Frameworks */,
				3DA13DDB26956643005769D3 /* Resources */,
			);
			buildRules = (
			);
			dependencies = (
				3DA13DDF26956643005769D3 /* PBXTargetDependency */,
			);
			name = ListAppTests;
			productName = ListAppTests;
			productReference = 3DA13DDD26956643005769D3 /* ListAppTests.xctest */;
			productType = "com.apple.product-type.bundle.unit-test";
		};
		3DA13DE726956643005769D3 /* ListAppUITests */ = {
			isa = PBXNativeTarget;
			buildConfigurationList = 3DA13DF726956643005769D3 /* Build configuration list for PBXNativeTarget "ListAppUITests" */;
			buildPhases = (
				3DA13DE426956643005769D3 /* Sources */,
				3DA13DE526956643005769D3 /* Frameworks */,
				3DA13DE626956643005769D3 /* Resources */,
			);
			buildRules = (
			);
			dependencies = (
				3DA13DEA26956643005769D3 /* PBXTargetDependency */,
			);
			name = ListAppUITests;
			productName = ListAppUITests;
			productReference = 3DA13DE826956643005769D3 /* ListAppUITests.xctest */;
			productType = "com.apple.product-type.bundle.ui-testing";
		};
/* End PBXNativeTarget section */

/* Begin PBXProject section */
		3DA13DBF2695663F005769D3 /* Project object */ = {
			isa = PBXProject;
			attributes = {
				LastSwiftUpdateCheck = 1250;
				LastUpgradeCheck = 1250;
				TargetAttributes = {
					3DA13DC62695663F005769D3 = {
						CreatedOnToolsVersion = 12.5.1;
					};
					3DA13DDC26956643005769D3 = {
						CreatedOnToolsVersion = 12.5.1;
						TestTargetID = 3DA13DC62695663F005769D3;
					};
					3DA13DE726956643005769D3 = {
						CreatedOnToolsVersion = 12.5.1;
						TestTargetID = 3DA13DC62695663F005769D3;
					};
				};
			};
			buildConfigurationList = 3DA13DC22695663F005769D3 /* Build configuration list for PBXProject "ListApp" */;
			compatibilityVersion = "Xcode 9.3";
			developmentRegion = en;
			hasScannedForEncodings = 0;
			knownRegions = (
				en,
				Base,
			);
			mainGroup = 3DA13DBE2695663F005769D3;
			productRefGroup = 3DA13DC82695663F005769D3 /* Products */;
			projectDirPath = "";
			projectRoot = "";
			targets = (
				3DA13DC62695663F005769D3 /* ListApp */,
				3DA13DDC26956643005769D3 /* ListAppTests */,
				3DA13DE726956643005769D3 /* ListAppUITests */,
			);
		};
/* End PBXProject section */

/* Begin PBXResourcesBuildPhase section */
		3DA13DC52695663F005769D3 /* Resources */ = {
			isa = PBXResourcesBuildPhase;
			buildActionMask = 2147483647;
			files = (
				3DA13DD726956642005769D3 /* LaunchScreen.storyboard in Resources */,
				3DA13DD426956642005769D3 /* Preview Assets.xcassets in Resources */,
				3DA13DD126956642005769D3 /* Assets.xcassets in Resources */,
			);
			runOnlyForDeploymentPostprocessing = 0;
		};
		3DA13DDB26956643005769D3 /* Resources */ = {
			isa = PBXResourcesBuildPhase;
			buildActionMask = 2147483647;
			files = (
			);
			runOnlyForDeploymentPostprocessing = 0;
		};
		3DA13DE626956643005769D3 /* Resources */ = {
			isa = PBXResourcesBuildPhase;
			buildActionMask = 2147483647;
			files = (
			);
			runOnlyForDeploymentPostprocessing = 0;
		};
/* End PBXResourcesBuildPhase section */

/* Begin PBXSourcesBuildPhase section */
		3DA13DC32695663F005769D3 /* Sources */ = {
			isa = PBXSourcesBuildPhase;
			buildActionMask = 2147483647;
			files = (
				3DA13DCB2695663F005769D3 /* AppDelegate.swift in Sources */,
				3DA13DCD2695663F005769D3 /* SceneDelegate.swift in Sources */,
				3DA13DCF2695663F005769D3 /* ContentView.swift in Sources */,
			);
			runOnlyForDeploymentPostprocessing = 0;
		};
		3DA13DD926956643005769D3 /* Sources */ = {
			isa = PBXSourcesBuildPhase;
			buildActionMask = 2147483647;
			files = (
				3DA13DE226956643005769D3 /* ListAppTests.swift in Sources */,
			);
			runOnlyForDeploymentPostprocessing = 0;
		};
		3DA13DE426956643005769D3 /* Sources */ = {
			isa = PBXSourcesBuildPhase;
			buildActionMask = 2147483647;
			files = (
				3DA13DED26956643005769D3 /* ListAppUITests.swift in Sources */,
			);
			runOnlyForDeploymentPostprocessing = 0;
		};
/* End PBXSourcesBuildPhase section */

/* Begin PBXTargetDependency section */
		3DA13DDF26956643005769D3 /* PBXTargetDependency */ = {
			isa = PBXTargetDependency;
			target = 3DA13DC62695663F005769D3 /* ListApp */;
			targetProxy = 3DA13DDE26956643005769D3 /* PBXContainerItemProxy */;
		};
		3DA13DEA26956643005769D3 /* PBXTargetDependency */ = {
			isa = PBXTargetDependency;
			target = 3DA13DC62695663F005769D3 /* ListApp */;
			targetProxy = 3DA13DE926956643005769D3 /* PBXContainerItemProxy */;
		};
/* End PBXTargetDependency section */

/* Begin PBXVariantGroup section */
		3DA13DD526956642005769D3 /* LaunchScreen.storyboard */ = {
			isa = PBXVariantGroup;
			children = (
				3DA13DD626956642005769D3 /* Base */,
			);
			name = LaunchScreen.storyboard;
			sourceTree = "<group>";
		};
/* End PBXVariantGroup section */

/* Begin XCBuildConfiguration section */
		3DA13DEF26956643005769D3 /* Debug */ = {
			isa = XCBuildConfiguration;
			buildSettings = {
				ALWAYS_SEARCH_USER_PATHS = NO;
				CLANG_ANALYZER_NONNULL = YES;
				CLANG_ANALYZER_NUMBER_OBJECT_CONVERSION = YES_AGGRESSIVE;
				CLANG_CXX_LANGUAGE_STANDARD = "gnu++14";
				CLANG_CXX_LIBRARY = "libc++";
				CLANG_ENABLE_MODULES = YES;
				CLANG_ENABLE_OBJC_ARC = YES;
				CLANG_ENABLE_OBJC_WEAK = YES;
				CLANG_WARN_BLOCK_CAPTURE_AUTORELEASING = YES;
				CLANG_WARN_BOOL_CONVERSION = YES;
				CLANG_WARN_COMMA = YES;
				CLANG_WARN_CONSTANT_CONVERSION = YES;
				CLANG_WARN_DEPRECATED_OBJC_IMPLEMENTATIONS = YES;
				CLANG_WARN_DIRECT_OBJC_ISA_USAGE = YES_ERROR;
				CLANG_WARN_DOCUMENTATION_COMMENTS = YES;
				CLANG_WARN_EMPTY_BODY = YES;
				CLANG_WARN_ENUM_CONVERSION = YES;
				CLANG_WARN_INFINITE_RECURSION = YES;
				CLANG_WARN_INT_CONVERSION = YES;
				CLANG_WARN_NON_LITERAL_NULL_CONVERSION = YES;
				CLANG_WARN_OBJC_IMPLICIT_RETAIN_SELF = YES;
				CLANG_WARN_OBJC_LITERAL_CONVERSION = YES;
				CLANG_WARN_OBJC_ROOT_CLASS = YES_ERROR;
				CLANG_WARN_QUOTED_INCLUDE_IN_FRAMEWORK_HEADER = YES;
				CLANG_WARN_RANGE_LOOP_ANALYSIS = YES;
				CLANG_WARN_STRICT_PROTOTYPES = YES;
				CLANG_WARN_SUSPICIOUS_MOVE = YES;
				CLANG_WARN_UNGUARDED_AVAILABILITY = YES_AGGRESSIVE;
				CLANG_WARN_UNREACHABLE_CODE = YES;
				CLANG_WARN__DUPLICATE_METHOD_MATCH = YES;
				COPY_PHASE_STRIP = NO;
				DEBUG_INFORMATION_FORMAT = dwarf;
				ENABLE_STRICT_OBJC_MSGSEND = YES;
				ENABLE_TESTABILITY = YES;
				GCC_C_LANGUAGE_STANDARD = gnu11;
				GCC_DYNAMIC_NO_PIC = NO;
				GCC_NO_COMMON_BLOCKS = YES;
				GCC_OPTIMIZATION_LEVEL = 0;
				GCC_PREPROCESSOR_DEFINITIONS = (
					"DEBUG=1",
					"$(inherited)",
				);
				GCC_WARN_64_TO_32_BIT_CONVERSION = YES;
				GCC_WARN_ABOUT_RETURN_TYPE = YES_ERROR;
				GCC_WARN_UNDECLARED_SELECTOR = YES;
				GCC_WARN_UNINITIALIZED_AUTOS = YES_AGGRESSIVE;
				GCC_WARN_UNUSED_FUNCTION = YES;
				GCC_WARN_UNUSED_VARIABLE = YES;
				IPHONEOS_DEPLOYMENT_TARGET = 14.5;
				MTL_ENABLE_DEBUG_INFO = INCLUDE_SOURCE;
				MTL_FAST_MATH = YES;
				ONLY_ACTIVE_ARCH = YES;
				SDKROOT = iphoneos;
				SWIFT_ACTIVE_COMPILATION_CONDITIONS = DEBUG;
				SWIFT_OPTIMIZATION_LEVEL = "-Onone";
			};
			name = Debug;
		};
		3DA13DF026956643005769D3 /* Release */ = {
			isa = XCBuildConfiguration;
			buildSettings = {
				ALWAYS_SEARCH_USER_PATHS = NO;
				CLANG_ANALYZER_NONNULL = YES;
				CLANG_ANALYZER_NUMBER_OBJECT_CONVERSION = YES_AGGRESSIVE;
				CLANG_CXX_LANGUAGE_STANDARD = "gnu++14";
				CLANG_CXX_LIBRARY = "libc++";
				CLANG_ENABLE_MODULES = YES;
				CLANG_ENABLE_OBJC_ARC = YES;
				CLANG_ENABLE_OBJC_WEAK = YES;
				CLANG_WARN_BLOCK_CAPTURE_AUTORELEASING = YES;
				CLANG_WARN_BOOL_CONVERSION = YES;
				CLANG_WARN_COMMA = YES;
				CLANG_WARN_CONSTANT_CONVERSION = YES;
				CLANG_WARN_DEPRECATED_OBJC_IMPLEMENTATIONS = YES;
				CLANG_WARN_DIRECT_OBJC_ISA_USAGE = YES_ERROR;
				CLANG_WARN_DOCUMENTATION_COMMENTS = YES;
				CLANG_WARN_EMPTY_BODY = YES;
				CLANG_WARN_ENUM_CONVERSION = YES;
				CLANG_WARN_INFINITE_RECURSION = YES;
				CLANG_WARN_INT_CONVERSION = YES;
				CLANG_WARN_NON_LITERAL_NULL_CONVERSION = YES;
				CLANG_WARN_OBJC_IMPLICIT_RETAIN_SELF = YES;
				CLANG_WARN_OBJC_LITERAL_CONVERSION = YES;
				CLANG_WARN_OBJC_ROOT_CLASS = YES_ERROR;
				CLANG_WARN_QUOTED_INCLUDE_IN_FRAMEWORK_HEADER = YES;
				CLANG_WARN_RANGE_LOOP_ANALYSIS = YES;
				CLANG_WARN_STRICT_PROTOTYPES = YES;
				CLANG_WARN_SUSPICIOUS_MOVE = YES;
				CLANG_WARN_UNGUARDED_AVAILABILITY = YES_AGGRESSIVE;
				CLANG_WARN_UNREACHABLE_CODE = YES;
				CLANG_WARN__DUPLICATE_METHOD_MATCH = YES;
				COPY_PHASE_STRIP = NO;
				DEBUG_INFORMATION_FORMAT = "dwarf-with-dsym";
				ENABLE_NS_ASSERTIONS = NO;
				ENABLE_STRICT_OBJC_MSGSEND = YES;
				GCC_C_LANGUAGE_STANDARD = gnu11;
				GCC_NO_COMMON_BLOCKS = YES;
				GCC_WARN_64_TO_32_BIT_CONVERSION = YES;
				GCC_WARN_ABOUT_RETURN_TYPE = YES_ERROR;
				GCC_WARN_UNDECLARED_SELECTOR = YES;
				GCC_WARN_UNINITIALIZED_AUTOS = YES_AGGRESSIVE;
				GCC_WARN_UNUSED_FUNCTION = YES;
				GCC_WARN_UNUSED_VARIABLE = YES;
				IPHONEOS_DEPLOYMENT_TARGET = 14.5;
				MTL_ENABLE_DEBUG_INFO = NO;
				MTL_FAST_MATH = YES;
				SDKROOT = iphoneos;
				SWIFT_COMPILATION_MODE = wholemodule;
				SWIFT_OPTIMIZATION_LEVEL = "-O";
				VALIDATE_PRODUCT = YES;
			};
			name = Release;
		};
		3DA13DF226956643005769D3 /* Debug */ = {
			isa = XCBuildConfiguration;
			buildSettings = {
				ASSETCATALOG_COMPILER_APPICON_NAME = AppIcon;
				ASSETCATALOG_COMPILER_GLOBAL_ACCENT_COLOR_NAME = AccentColor;
				CODE_SIGN_STYLE = Automatic;
				DEVELOPMENT_ASSET_PATHS = "\"ListApp/Preview Content\"";
				DEVELOPMENT_TEAM = 4NYNKSRA5Z;
				ENABLE_PREVIEWS = YES;
				INFOPLIST_FILE = ListApp/Info.plist;
				LD_RUNPATH_SEARCH_PATHS = (
					"$(inherited)",
					"@executable_path/Frameworks",
				);
				PRODUCT_BUNDLE_IDENTIFIER = kr.ac.kpu.ce.ios.scgyong.ListApp;
				PRODUCT_NAME = "$(TARGET_NAME)";
				SWIFT_VERSION = 5.0;
				TARGETED_DEVICE_FAMILY = "1,2";
			};
			name = Debug;
		};
		3DA13DF326956643005769D3 /* Release */ = {
			isa = XCBuildConfiguration;
			buildSettings = {
				ASSETCATALOG_COMPILER_APPICON_NAME = AppIcon;
				ASSETCATALOG_COMPILER_GLOBAL_ACCENT_COLOR_NAME = AccentColor;
				CODE_SIGN_STYLE = Automatic;
				DEVELOPMENT_ASSET_PATHS = "\"ListApp/Preview Content\"";
				DEVELOPMENT_TEAM = 4NYNKSRA5Z;
				ENABLE_PREVIEWS = YES;
				INFOPLIST_FILE = ListApp/Info.plist;
				LD_RUNPATH_SEARCH_PATHS = (
					"$(inherited)",
					"@executable_path/Frameworks",
				);
				PRODUCT_BUNDLE_IDENTIFIER = kr.ac.kpu.ce.ios.scgyong.ListApp;
				PRODUCT_NAME = "$(TARGET_NAME)";
				SWIFT_VERSION = 5.0;
				TARGETED_DEVICE_FAMILY = "1,2";
			};
			name = Release;
		};
		3DA13DF526956643005769D3 /* Debug */ = {
			isa = XCBuildConfiguration;
			buildSettings = {
				ALWAYS_EMBED_SWIFT_STANDARD_LIBRARIES = YES;
				BUNDLE_LOADER = "$(TEST_HOST)";
				CODE_SIGN_STYLE = Automatic;
				DEVELOPMENT_TEAM = 4NYNKSRA5Z;
				INFOPLIST_FILE = ListAppTests/Info.plist;
				IPHONEOS_DEPLOYMENT_TARGET = 14.5;
				LD_RUNPATH_SEARCH_PATHS = (
					"$(inherited)",
					"@executable_path/Frameworks",
					"@loader_path/Frameworks",
				);
				PRODUCT_BUNDLE_IDENTIFIER = kr.ac.kpu.ce.ios.scgyong.ListAppTests;
				PRODUCT_NAME = "$(TARGET_NAME)";
				SWIFT_VERSION = 5.0;
				TARGETED_DEVICE_FAMILY = "1,2";
				TEST_HOST = "$(BUILT_PRODUCTS_DIR)/ListApp.app/ListApp";
			};
			name = Debug;
		};
		3DA13DF626956643005769D3 /* Release */ = {
			isa = XCBuildConfiguration;
			buildSettings = {
				ALWAYS_EMBED_SWIFT_STANDARD_LIBRARIES = YES;
				BUNDLE_LOADER = "$(TEST_HOST)";
				CODE_SIGN_STYLE = Automatic;
				DEVELOPMENT_TEAM = 4NYNKSRA5Z;
				INFOPLIST_FILE = ListAppTests/Info.plist;
				IPHONEOS_DEPLOYMENT_TARGET = 14.5;
				LD_RUNPATH_SEARCH_PATHS = (
					"$(inherited)",
					"@executable_path/Frameworks",
					"@loader_path/Frameworks",
				);
				PRODUCT_BUNDLE_IDENTIFIER = kr.ac.kpu.ce.ios.scgyong.ListAppTests;
				PRODUCT_NAME = "$(TARGET_NAME)";
				SWIFT_VERSION = 5.0;
				TARGETED_DEVICE_FAMILY = "1,2";
				TEST_HOST = "$(BUILT_PRODUCTS_DIR)/ListApp.app/ListApp";
			};
			name = Release;
		};
		3DA13DF826956643005769D3 /* Debug */ = {
			isa = XCBuildConfiguration;
			buildSettings = {
				ALWAYS_EMBED_SWIFT_STANDARD_LIBRARIES = YES;
				CODE_SIGN_STYLE = Automatic;
				DEVELOPMENT_TEAM = 4NYNKSRA5Z;
				INFOPLIST_FILE = ListAppUITests/Info.plist;
				LD_RUNPATH_SEARCH_PATHS = (
					"$(inherited)",
					"@executable_path/Frameworks",
					"@loader_path/Frameworks",
				);
				PRODUCT_BUNDLE_IDENTIFIER = kr.ac.kpu.ce.ios.scgyong.ListAppUITests;
				PRODUCT_NAME = "$(TARGET_NAME)";
				SWIFT_VERSION = 5.0;
				TARGETED_DEVICE_FAMILY = "1,2";
				TEST_TARGET_NAME = ListApp;
			};
			name = Debug;
		};
		3DA13DF926956643005769D3 /* Release */ = {
			isa = XCBuildConfiguration;
			buildSettings = {
				ALWAYS_EMBED_SWIFT_STANDARD_LIBRARIES = YES;
				CODE_SIGN_STYLE = Automatic;
				DEVELOPMENT_TEAM = 4NYNKSRA5Z;
				INFOPLIST_FILE = ListAppUITests/Info.plist;
				LD_RUNPATH_SEARCH_PATHS = (
					"$(inherited)",
					"@executable_path/Frameworks",
					"@loader_path/Frameworks",
				);
				PRODUCT_BUNDLE_IDENTIFIER = kr.ac.kpu.ce.ios.scgyong.ListAppUITests;
				PRODUCT_NAME = "$(TARGET_NAME)";
				SWIFT_VERSION = 5.0;
				TARGETED_DEVICE_FAMILY = "1,2";
				TEST_TARGET_NAME = ListApp;
			};
			name = Release;
		};
/* End XCBuildConfiguration section */

/* Begin XCConfigurationList section */
		3DA13DC22695663F005769D3 /* Build configuration list for PBXProject "ListApp" */ = {
			isa = XCConfigurationList;
			buildConfigurations = (
				3DA13DEF26956643005769D3 /* Debug */,
				3DA13DF026956643005769D3 /* Release */,
			);
			defaultConfigurationIsVisible = 0;
			defaultConfigurationName = Release;
		};
		3DA13DF126956643005769D3 /* Build configuration list for PBXNativeTarget "ListApp" */ = {
			isa = XCConfigurationList;
			buildConfigurations = (
				3DA13DF226956643005769D3 /* Debug */,
				3DA13DF326956643005769D3 /* Release */,
			);
			defaultConfigurationIsVisible = 0;
			defaultConfigurationName = Release;
		};
		3DA13DF426956643005769D3 /* Build configuration list for PBXNativeTarget "ListAppTests" */ = {
			isa = XCConfigurationList;
			buildConfigurations = (
				3DA13DF526956643005769D3 /* Debug */,
				3DA13DF626956643005769D3 /* Release */,
			);
			defaultConfigurationIsVisible = 0;
			defaultConfigurationName = Release;
		};
		3DA13DF726956643005769D3 /* Build configuration list for PBXNativeTarget "ListAppUITests" */ = {
			isa = XCConfigurationList;
			buildConfigurations = (
				3DA13DF826956643005769D3 /* Debug */,
				3DA13DF926956643005769D3 /* Release */,
			);
			defaultConfigurationIsVisible = 0;
			defaultConfigurationName = Release;
		};
/* End XCConfigurationList section */
	};
	rootObject = 3DA13DBF2695663F005769D3 /* Project object */;
}
