// !$*UTF8*$!
{
	archiveVersion = 1;
	classes = {
	};
	objectVersion = 50;
	objects = {

/* Begin PBXBuildFile section */
		3DF87F1E26974471002FF89F /* AppDelegate.swift in Sources */ = {isa = PBXBuildFile; fileRef = 3DF87F1D26974471002FF89F /* AppDelegate.swift */; };
		3DF87F2026974471002FF89F /* SceneDelegate.swift in Sources */ = {isa = PBXBuildFile; fileRef = 3DF87F1F26974471002FF89F /* SceneDelegate.swift */; };
		3DF87F2226974471002FF89F /* ContentView.swift in Sources */ = {isa = PBXBuildFile; fileRef = 3DF87F2126974471002FF89F /* ContentView.swift */; };
		3DF87F2426974473002FF89F /* Assets.xcassets in Resources */ = {isa = PBXBuildFile; fileRef = 3DF87F2326974473002FF89F /* Assets.xcassets */; };
		3DF87F2726974473002FF89F /* Preview Assets.xcassets in Resources */ = {isa = PBXBuildFile; fileRef = 3DF87F2626974473002FF89F /* Preview Assets.xcassets */; };
		3DF87F2A26974473002FF89F /* LaunchScreen.storyboard in Resources */ = {isa = PBXBuildFile; fileRef = 3DF87F2826974473002FF89F /* LaunchScreen.storyboard */; };
		3DF87F32269750A2002FF89F /* CardView.swift in Sources */ = {isa = PBXBuildFile; fileRef = 3DF87F31269750A2002FF89F /* CardView.swift */; };
		3DF87F3426975C8F002FF89F /* GridStack.swift in Sources */ = {isa = PBXBuildFile; fileRef = 3DF87F3326975C8F002FF89F /* GridStack.swift */; };
		3DF87F362697624C002FF89F /* MemoryGame.swift in Sources */ = {isa = PBXBuildFile; fileRef = 3DF87F352697624C002FF89F /* MemoryGame.swift */; };
/* End PBXBuildFile section */

/* Begin PBXFileReference section */
		3DF87F1A26974471002FF89F /* MemoryGameApp.app */ = {isa = PBXFileReference; explicitFileType = wrapper.application; includeInIndex = 0; path = MemoryGameApp.app; sourceTree = BUILT_PRODUCTS_DIR; };
		3DF87F1D26974471002FF89F /* AppDelegate.swift */ = {isa = PBXFileReference; lastKnownFileType = sourcecode.swift; path = AppDelegate.swift; sourceTree = "<group>"; };
		3DF87F1F26974471002FF89F /* SceneDelegate.swift */ = {isa = PBXFileReference; lastKnownFileType = sourcecode.swift; path = SceneDelegate.swift; sourceTree = "<group>"; };
		3DF87F2126974471002FF89F /* ContentView.swift */ = {isa = PBXFileReference; lastKnownFileType = sourcecode.swift; path = ContentView.swift; sourceTree = "<group>"; };
		3DF87F2326974473002FF89F /* Assets.xcassets */ = {isa = PBXFileReference; lastKnownFileType = folder.assetcatalog; path = Assets.xcassets; sourceTree = "<group>"; };
		3DF87F2626974473002FF89F /* Preview Assets.xcassets */ = {isa = PBXFileReference; lastKnownFileType = folder.assetcatalog; path = "Preview Assets.xcassets"; sourceTree = "<group>"; };
		3DF87F2926974473002FF89F /* Base */ = {isa = PBXFileReference; lastKnownFileType = file.storyboard; name = Base; path = Base.lproj/LaunchScreen.storyboard; sourceTree = "<group>"; };
		3DF87F2B26974473002FF89F /* Info.plist */ = {isa = PBXFileReference; lastKnownFileType = text.plist.xml; path = Info.plist; sourceTree = "<group>"; };
		3DF87F31269750A2002FF89F /* CardView.swift */ = {isa = PBXFileReference; lastKnownFileType = sourcecode.swift; path = CardView.swift; sourceTree = "<group>"; };
		3DF87F3326975C8F002FF89F /* GridStack.swift */ = {isa = PBXFileReference; lastKnownFileType = sourcecode.swift; path = GridStack.swift; sourceTree = "<group>"; };
		3DF87F352697624C002FF89F /* MemoryGame.swift */ = {isa = PBXFileReference; lastKnownFileType = sourcecode.swift; path = MemoryGame.swift; sourceTree = "<group>"; };
/* End PBXFileReference section */

/* Begin PBXFrameworksBuildPhase section */
		3DF87F1726974471002FF89F /* Frameworks */ = {
			isa = PBXFrameworksBuildPhase;
			buildActionMask = 2147483647;
			files = (
			);
			runOnlyForDeploymentPostprocessing = 0;
		};
/* End PBXFrameworksBuildPhase section */

/* Begin PBXGroup section */
		3DF87F1126974471002FF89F = {
			isa = PBXGroup;
			children = (
				3DF87F1C26974471002FF89F /* MemoryGameApp */,
				3DF87F1B26974471002FF89F /* Products */,
			);
			sourceTree = "<group>";
		};
		3DF87F1B26974471002FF89F /* Products */ = {
			isa = PBXGroup;
			children = (
				3DF87F1A26974471002FF89F /* MemoryGameApp.app */,
			);
			name = Products;
			sourceTree = "<group>";
		};
		3DF87F1C26974471002FF89F /* MemoryGameApp */ = {
			isa = PBXGroup;
			children = (
				3DF87F1D26974471002FF89F /* AppDelegate.swift */,
				3DF87F1F26974471002FF89F /* SceneDelegate.swift */,
				3DF87F2326974473002FF89F /* Assets.xcassets */,
				3DF87F2826974473002FF89F /* LaunchScreen.storyboard */,
				3DF87F2B26974473002FF89F /* Info.plist */,
				3DF87F2526974473002FF89F /* Preview Content */,
				3DF87F2126974471002FF89F /* ContentView.swift */,
				3DF87F3326975C8F002FF89F /* GridStack.swift */,
				3DF87F31269750A2002FF89F /* CardView.swift */,
				3DF87F352697624C002FF89F /* MemoryGame.swift */,
			);
			path = MemoryGameApp;
			sourceTree = "<group>";
		};
		3DF87F2526974473002FF89F /* Preview Content */ = {
			isa = PBXGroup;
			children = (
				3DF87F2626974473002FF89F /* Preview Assets.xcassets */,
			);
			path = "Preview Content";
			sourceTree = "<group>";
		};
/* End PBXGroup section */

/* Begin PBXNativeTarget section */
		3DF87F1926974471002FF89F /* MemoryGameApp */ = {
			isa = PBXNativeTarget;
			buildConfigurationList = 3DF87F2E26974473002FF89F /* Build configuration list for PBXNativeTarget "MemoryGameApp" */;
			buildPhases = (
				3DF87F1626974471002FF89F /* Sources */,
				3DF87F1726974471002FF89F /* Frameworks */,
				3DF87F1826974471002FF89F /* Resources */,
			);
			buildRules = (
			);
			dependencies = (
			);
			name = MemoryGameApp;
			productName = MemoryGameApp;
			productReference = 3DF87F1A26974471002FF89F /* MemoryGameApp.app */;
			productType = "com.apple.product-type.application";
		};
/* End PBXNativeTarget section */

/* Begin PBXProject section */
		3DF87F1226974471002FF89F /* Project object */ = {
			isa = PBXProject;
			attributes = {
				LastSwiftUpdateCheck = 1250;
				LastUpgradeCheck = 1250;
				TargetAttributes = {
					3DF87F1926974471002FF89F = {
						CreatedOnToolsVersion = 12.5.1;
					};
				};
			};
			buildConfigurationList = 3DF87F1526974471002FF89F /* Build configuration list for PBXProject "MemoryGameApp" */;
			compatibilityVersion = "Xcode 9.3";
			developmentRegion = en;
			hasScannedForEncodings = 0;
			knownRegions = (
				en,
				Base,
			);
			mainGroup = 3DF87F1126974471002FF89F;
			productRefGroup = 3DF87F1B26974471002FF89F /* Products */;
			projectDirPath = "";
			projectRoot = "";
			targets = (
				3DF87F1926974471002FF89F /* MemoryGameApp */,
			);
		};
/* End PBXProject section */

/* Begin PBXResourcesBuildPhase section */
		3DF87F1826974471002FF89F /* Resources */ = {
			isa = PBXResourcesBuildPhase;
			buildActionMask = 2147483647;
			files = (
				3DF87F2A26974473002FF89F /* LaunchScreen.storyboard in Resources */,
				3DF87F2726974473002FF89F /* Preview Assets.xcassets in Resources */,
				3DF87F2426974473002FF89F /* Assets.xcassets in Resources */,
			);
			runOnlyForDeploymentPostprocessing = 0;
		};
/* End PBXResourcesBuildPhase section */

/* Begin PBXSourcesBuildPhase section */
		3DF87F1626974471002FF89F /* Sources */ = {
			isa = PBXSourcesBuildPhase;
			buildActionMask = 2147483647;
			files = (
				3DF87F362697624C002FF89F /* MemoryGame.swift in Sources */,
				3DF87F1E26974471002FF89F /* AppDelegate.swift in Sources */,
				3DF87F2026974471002FF89F /* SceneDelegate.swift in Sources */,
				3DF87F32269750A2002FF89F /* CardView.swift in Sources */,
				3DF87F3426975C8F002FF89F /* GridStack.swift in Sources */,
				3DF87F2226974471002FF89F /* ContentView.swift in Sources */,
			);
			runOnlyForDeploymentPostprocessing = 0;
		};
/* End PBXSourcesBuildPhase section */

/* Begin PBXVariantGroup section */
		3DF87F2826974473002FF89F /* LaunchScreen.storyboard */ = {
			isa = PBXVariantGroup;
			children = (
				3DF87F2926974473002FF89F /* Base */,
			);
			name = LaunchScreen.storyboard;
			sourceTree = "<group>";
		};
/* End PBXVariantGroup section */

/* Begin XCBuildConfiguration section */
		3DF87F2C26974473002FF89F /* Debug */ = {
			isa = XCBuildConfiguration;
			buildSettings = {
				ALWAYS_SEARCH_USER_PATHS = NO;
				CLANG_ANALYZER_NONNULL = YES;
				CLANG_ANALYZER_NUMBER_OBJECT_CONVERSION = YES_AGGRESSIVE;
				CLANG_CXX_LANGUAGE_STANDARD = "gnu++14";
				CLANG_CXX_LIBRARY = "libc++";
				CLANG_ENABLE_MODULES = YES;
				CLANG_ENABLE_OBJC_ARC = YES;
				CLANG_ENABLE_OBJC_WEAK = YES;
				CLANG_WARN_BLOCK_CAPTURE_AUTORELEASING = YES;
				CLANG_WARN_BOOL_CONVERSION = YES;
				CLANG_WARN_COMMA = YES;
				CLANG_WARN_CONSTANT_CONVERSION = YES;
				CLANG_WARN_DEPRECATED_OBJC_IMPLEMENTATIONS = YES;
				CLANG_WARN_DIRECT_OBJC_ISA_USAGE = YES_ERROR;
				CLANG_WARN_DOCUMENTATION_COMMENTS = YES;
				CLANG_WARN_EMPTY_BODY = YES;
				CLANG_WARN_ENUM_CONVERSION = YES;
				CLANG_WARN_INFINITE_RECURSION = YES;
				CLANG_WARN_INT_CONVERSION = YES;
				CLANG_WARN_NON_LITERAL_NULL_CONVERSION = YES;
				CLANG_WARN_OBJC_IMPLICIT_RETAIN_SELF = YES;
				CLANG_WARN_OBJC_LITERAL_CONVERSION = YES;
				CLANG_WARN_OBJC_ROOT_CLASS = YES_ERROR;
				CLANG_WARN_QUOTED_INCLUDE_IN_FRAMEWORK_HEADER = YES;
				CLANG_WARN_RANGE_LOOP_ANALYSIS = YES;
				CLANG_WARN_STRICT_PROTOTYPES = YES;
				CLANG_WARN_SUSPICIOUS_MOVE = YES;
				CLANG_WARN_UNGUARDED_AVAILABILITY = YES_AGGRESSIVE;
				CLANG_WARN_UNREACHABLE_CODE = YES;
				CLANG_WARN__DUPLICATE_METHOD_MATCH = YES;
				COPY_PHASE_STRIP = NO;
				DEBUG_INFORMATION_FORMAT = dwarf;
				ENABLE_STRICT_OBJC_MSGSEND = YES;
				ENABLE_TESTABILITY = YES;
				GCC_C_LANGUAGE_STANDARD = gnu11;
				GCC_DYNAMIC_NO_PIC = NO;
				GCC_NO_COMMON_BLOCKS = YES;
				GCC_OPTIMIZATION_LEVEL = 0;
				GCC_PREPROCESSOR_DEFINITIONS = (
					"DEBUG=1",
					"$(inherited)",
				);
				GCC_WARN_64_TO_32_BIT_CONVERSION = YES;
				GCC_WARN_ABOUT_RETURN_TYPE = YES_ERROR;
				GCC_WARN_UNDECLARED_SELECTOR = YES;
				GCC_WARN_UNINITIALIZED_AUTOS = YES_AGGRESSIVE;
				GCC_WARN_UNUSED_FUNCTION = YES;
				GCC_WARN_UNUSED_VARIABLE = YES;
				IPHONEOS_DEPLOYMENT_TARGET = 14.5;
				MTL_ENABLE_DEBUG_INFO = INCLUDE_SOURCE;
				MTL_FAST_MATH = YES;
				ONLY_ACTIVE_ARCH = YES;
				SDKROOT = iphoneos;
				SWIFT_ACTIVE_COMPILATION_CONDITIONS = DEBUG;
				SWIFT_OPTIMIZATION_LEVEL = "-Onone";
			};
			name = Debug;
		};
		3DF87F2D26974473002FF89F /* Release */ = {
			isa = XCBuildConfiguration;
			buildSettings = {
				ALWAYS_SEARCH_USER_PATHS = NO;
				CLANG_ANALYZER_NONNULL = YES;
				CLANG_ANALYZER_NUMBER_OBJECT_CONVERSION = YES_AGGRESSIVE;
				CLANG_CXX_LANGUAGE_STANDARD = "gnu++14";
				CLANG_CXX_LIBRARY = "libc++";
				CLANG_ENABLE_MODULES = YES;
				CLANG_ENABLE_OBJC_ARC = YES;
				CLANG_ENABLE_OBJC_WEAK = YES;
				CLANG_WARN_BLOCK_CAPTURE_AUTORELEASING = YES;
				CLANG_WARN_BOOL_CONVERSION = YES;
				CLANG_WARN_COMMA = YES;
				CLANG_WARN_CONSTANT_CONVERSION = YES;
				CLANG_WARN_DEPRECATED_OBJC_IMPLEMENTATIONS = YES;
				CLANG_WARN_DIRECT_OBJC_ISA_USAGE = YES_ERROR;
				CLANG_WARN_DOCUMENTATION_COMMENTS = YES;
				CLANG_WARN_EMPTY_BODY = YES;
				CLANG_WARN_ENUM_CONVERSION = YES;
				CLANG_WARN_INFINITE_RECURSION = YES;
				CLANG_WARN_INT_CONVERSION = YES;
				CLANG_WARN_NON_LITERAL_NULL_CONVERSION = YES;
				CLANG_WARN_OBJC_IMPLICIT_RETAIN_SELF = YES;
				CLANG_WARN_OBJC_LITERAL_CONVERSION = YES;
				CLANG_WARN_OBJC_ROOT_CLASS = YES_ERROR;
				CLANG_WARN_QUOTED_INCLUDE_IN_FRAMEWORK_HEADER = YES;
				CLANG_WARN_RANGE_LOOP_ANALYSIS = YES;
				CLANG_WARN_STRICT_PROTOTYPES = YES;
				CLANG_WARN_SUSPICIOUS_MOVE = YES;
				CLANG_WARN_UNGUARDED_AVAILABILITY = YES_AGGRESSIVE;
				CLANG_WARN_UNREACHABLE_CODE = YES;
				CLANG_WARN__DUPLICATE_METHOD_MATCH = YES;
				COPY_PHASE_STRIP = NO;
				DEBUG_INFORMATION_FORMAT = "dwarf-with-dsym";
				ENABLE_NS_ASSERTIONS = NO;
				ENABLE_STRICT_OBJC_MSGSEND = YES;
				GCC_C_LANGUAGE_STANDARD = gnu11;
				GCC_NO_COMMON_BLOCKS = YES;
				GCC_WARN_64_TO_32_BIT_CONVERSION = YES;
				GCC_WARN_ABOUT_RETURN_TYPE = YES_ERROR;
				GCC_WARN_UNDECLARED_SELECTOR = YES;
				GCC_WARN_UNINITIALIZED_AUTOS = YES_AGGRESSIVE;
				GCC_WARN_UNUSED_FUNCTION = YES;
				GCC_WARN_UNUSED_VARIABLE = YES;
				IPHONEOS_DEPLOYMENT_TARGET = 14.5;
				MTL_ENABLE_DEBUG_INFO = NO;
				MTL_FAST_MATH = YES;
				SDKROOT = iphoneos;
				SWIFT_COMPILATION_MODE = wholemodule;
				SWIFT_OPTIMIZATION_LEVEL = "-O";
				VALIDATE_PRODUCT = YES;
			};
			name = Release;
		};
		3DF87F2F26974473002FF89F /* Debug */ = {
			isa = XCBuildConfiguration;
			buildSettings = {
				ASSETCATALOG_COMPILER_APPICON_NAME = AppIcon;
				ASSETCATALOG_COMPILER_GLOBAL_ACCENT_COLOR_NAME = AccentColor;
				CODE_SIGN_STYLE = Automatic;
				DEVELOPMENT_ASSET_PATHS = "\"MemoryGameApp/Preview Content\"";
				DEVELOPMENT_TEAM = 4NYNKSRA5Z;
				ENABLE_PREVIEWS = YES;
				INFOPLIST_FILE = MemoryGameApp/Info.plist;
				LD_RUNPATH_SEARCH_PATHS = (
					"$(inherited)",
					"@executable_path/Frameworks",
				);
				PRODUCT_BUNDLE_IDENTIFIER = net.scgyong.MemoryGameApp;
				PRODUCT_NAME = "$(TARGET_NAME)";
				SWIFT_VERSION = 5.0;
				TARGETED_DEVICE_FAMILY = "1,2";
			};
			name = Debug;
		};
		3DF87F3026974473002FF89F /* Release */ = {
			isa = XCBuildConfiguration;
			buildSettings = {
				ASSETCATALOG_COMPILER_APPICON_NAME = AppIcon;
				ASSETCATALOG_COMPILER_GLOBAL_ACCENT_COLOR_NAME = AccentColor;
				CODE_SIGN_STYLE = Automatic;
				DEVELOPMENT_ASSET_PATHS = "\"MemoryGameApp/Preview Content\"";
				DEVELOPMENT_TEAM = 4NYNKSRA5Z;
				ENABLE_PREVIEWS = YES;
				INFOPLIST_FILE = MemoryGameApp/Info.plist;
				LD_RUNPATH_SEARCH_PATHS = (
					"$(inherited)",
					"@executable_path/Frameworks",
				);
				PRODUCT_BUNDLE_IDENTIFIER = net.scgyong.MemoryGameApp;
				PRODUCT_NAME = "$(TARGET_NAME)";
				SWIFT_VERSION = 5.0;
				TARGETED_DEVICE_FAMILY = "1,2";
			};
			name = Release;
		};
/* End XCBuildConfiguration section */

/* Begin XCConfigurationList section */
		3DF87F1526974471002FF89F /* Build configuration list for PBXProject "MemoryGameApp" */ = {
			isa = XCConfigurationList;
			buildConfigurations = (
				3DF87F2C26974473002FF89F /* Debug */,
				3DF87F2D26974473002FF89F /* Release */,
			);
			defaultConfigurationIsVisible = 0;
			defaultConfigurationName = Release;
		};
		3DF87F2E26974473002FF89F /* Build configuration list for PBXNativeTarget "MemoryGameApp" */ = {
			isa = XCConfigurationList;
			buildConfigurations = (
				3DF87F2F26974473002FF89F /* Debug */,
				3DF87F3026974473002FF89F /* Release */,
			);
			defaultConfigurationIsVisible = 0;
			defaultConfigurationName = Release;
		};
/* End XCConfigurationList section */
	};
	rootObject = 3DF87F1226974471002FF89F /* Project object */;
}
