// !$*UTF8*$!
{
	archiveVersion = 1;
	classes = {
	};
	objectVersion = 50;
	objects = {

/* Begin PBXBuildFile section */
		3DF2801B26953DE50096C0D5 /* AppDelegate.swift in Sources */ = {isa = PBXBuildFile; fileRef = 3DF2801A26953DE50096C0D5 /* AppDelegate.swift */; };
		3DF2801D26953DE50096C0D5 /* SceneDelegate.swift in Sources */ = {isa = PBXBuildFile; fileRef = 3DF2801C26953DE50096C0D5 /* SceneDelegate.swift */; };
		3DF2801F26953DE50096C0D5 /* ContentView.swift in Sources */ = {isa = PBXBuildFile; fileRef = 3DF2801E26953DE50096C0D5 /* ContentView.swift */; };
		3DF2802126953DEC0096C0D5 /* Assets.xcassets in Resources */ = {isa = PBXBuildFile; fileRef = 3DF2802026953DEC0096C0D5 /* Assets.xcassets */; };
		3DF2802426953DEC0096C0D5 /* Preview Assets.xcassets in Resources */ = {isa = PBXBuildFile; fileRef = 3DF2802326953DEC0096C0D5 /* Preview Assets.xcassets */; };
		3DF2802726953DED0096C0D5 /* LaunchScreen.storyboard in Resources */ = {isa = PBXBuildFile; fileRef = 3DF2802526953DED0096C0D5 /* LaunchScreen.storyboard */; };
		3DF2803226953DED0096C0D5 /* SecondAppTests.swift in Sources */ = {isa = PBXBuildFile; fileRef = 3DF2803126953DED0096C0D5 /* SecondAppTests.swift */; };
		3DF2803D26953DED0096C0D5 /* SecondAppUITests.swift in Sources */ = {isa = PBXBuildFile; fileRef = 3DF2803C26953DED0096C0D5 /* SecondAppUITests.swift */; };
		3DF2804B2695486E0096C0D5 /* SecondView.swift in Sources */ = {isa = PBXBuildFile; fileRef = 3DF2804A2695486E0096C0D5 /* SecondView.swift */; };
		3DF2804D26954E1D0096C0D5 /* TimerData.swift in Sources */ = {isa = PBXBuildFile; fileRef = 3DF2804C26954E1D0096C0D5 /* TimerData.swift */; };
/* End PBXBuildFile section */

/* Begin PBXContainerItemProxy section */
		3DF2802E26953DED0096C0D5 /* PBXContainerItemProxy */ = {
			isa = PBXContainerItemProxy;
			containerPortal = 3DF2800F26953DE50096C0D5 /* Project object */;
			proxyType = 1;
			remoteGlobalIDString = 3DF2801626953DE50096C0D5;
			remoteInfo = SecondApp;
		};
		3DF2803926953DED0096C0D5 /* PBXContainerItemProxy */ = {
			isa = PBXContainerItemProxy;
			containerPortal = 3DF2800F26953DE50096C0D5 /* Project object */;
			proxyType = 1;
			remoteGlobalIDString = 3DF2801626953DE50096C0D5;
			remoteInfo = SecondApp;
		};
/* End PBXContainerItemProxy section */

/* Begin PBXFileReference section */
		3DF2801726953DE50096C0D5 /* SecondApp.app */ = {isa = PBXFileReference; explicitFileType = wrapper.application; includeInIndex = 0; path = SecondApp.app; sourceTree = BUILT_PRODUCTS_DIR; };
		3DF2801A26953DE50096C0D5 /* AppDelegate.swift */ = {isa = PBXFileReference; lastKnownFileType = sourcecode.swift; path = AppDelegate.swift; sourceTree = "<group>"; };
		3DF2801C26953DE50096C0D5 /* SceneDelegate.swift */ = {isa = PBXFileReference; lastKnownFileType = sourcecode.swift; path = SceneDelegate.swift; sourceTree = "<group>"; };
		3DF2801E26953DE50096C0D5 /* ContentView.swift */ = {isa = PBXFileReference; lastKnownFileType = sourcecode.swift; path = ContentView.swift; sourceTree = "<group>"; };
		3DF2802026953DEC0096C0D5 /* Assets.xcassets */ = {isa = PBXFileReference; lastKnownFileType = folder.assetcatalog; path = Assets.xcassets; sourceTree = "<group>"; };
		3DF2802326953DEC0096C0D5 /* Preview Assets.xcassets */ = {isa = PBXFileReference; lastKnownFileType = folder.assetcatalog; path = "Preview Assets.xcassets"; sourceTree = "<group>"; };
		3DF2802626953DED0096C0D5 /* Base */ = {isa = PBXFileReference; lastKnownFileType = file.storyboard; name = Base; path = Base.lproj/LaunchScreen.storyboard; sourceTree = "<group>"; };
		3DF2802826953DED0096C0D5 /* Info.plist */ = {isa = PBXFileReference; lastKnownFileType = text.plist.xml; path = Info.plist; sourceTree = "<group>"; };
		3DF2802D26953DED0096C0D5 /* SecondAppTests.xctest */ = {isa = PBXFileReference; explicitFileType = wrapper.cfbundle; includeInIndex = 0; path = SecondAppTests.xctest; sourceTree = BUILT_PRODUCTS_DIR; };
		3DF2803126953DED0096C0D5 /* SecondAppTests.swift */ = {isa = PBXFileReference; lastKnownFileType = sourcecode.swift; path = SecondAppTests.swift; sourceTree = "<group>"; };
		3DF2803326953DED0096C0D5 /* Info.plist */ = {isa = PBXFileReference; lastKnownFileType = text.plist.xml; path = Info.plist; sourceTree = "<group>"; };
		3DF2803826953DED0096C0D5 /* SecondAppUITests.xctest */ = {isa = PBXFileReference; explicitFileType = wrapper.cfbundle; includeInIndex = 0; path = SecondAppUITests.xctest; sourceTree = BUILT_PRODUCTS_DIR; };
		3DF2803C26953DED0096C0D5 /* SecondAppUITests.swift */ = {isa = PBXFileReference; lastKnownFileType = sourcecode.swift; path = SecondAppUITests.swift; sourceTree = "<group>"; };
		3DF2803E26953DED0096C0D5 /* Info.plist */ = {isa = PBXFileReference; lastKnownFileType = text.plist.xml; path = Info.plist; sourceTree = "<group>"; };
		3DF2804A2695486E0096C0D5 /* SecondView.swift */ = {isa = PBXFileReference; lastKnownFileType = sourcecode.swift; path = SecondView.swift; sourceTree = "<group>"; };
		3DF2804C26954E1D0096C0D5 /* TimerData.swift */ = {isa = PBXFileReference; lastKnownFileType = sourcecode.swift; path = TimerData.swift; sourceTree = "<group>"; };
/* End PBXFileReference section */

/* Begin PBXFrameworksBuildPhase section */
		3DF2801426953DE50096C0D5 /* Frameworks */ = {
			isa = PBXFrameworksBuildPhase;
			buildActionMask = 2147483647;
			files = (
			);
			runOnlyForDeploymentPostprocessing = 0;
		};
		3DF2802A26953DED0096C0D5 /* Frameworks */ = {
			isa = PBXFrameworksBuildPhase;
			buildActionMask = 2147483647;
			files = (
			);
			runOnlyForDeploymentPostprocessing = 0;
		};
		3DF2803526953DED0096C0D5 /* Frameworks */ = {
			isa = PBXFrameworksBuildPhase;
			buildActionMask = 2147483647;
			files = (
			);
			runOnlyForDeploymentPostprocessing = 0;
		};
/* End PBXFrameworksBuildPhase section */

/* Begin PBXGroup section */
		3DF2800E26953DE50096C0D5 = {
			isa = PBXGroup;
			children = (
				3DF2801926953DE50096C0D5 /* SecondApp */,
				3DF2803026953DED0096C0D5 /* SecondAppTests */,
				3DF2803B26953DED0096C0D5 /* SecondAppUITests */,
				3DF2801826953DE50096C0D5 /* Products */,
			);
			sourceTree = "<group>";
		};
		3DF2801826953DE50096C0D5 /* Products */ = {
			isa = PBXGroup;
			children = (
				3DF2801726953DE50096C0D5 /* SecondApp.app */,
				3DF2802D26953DED0096C0D5 /* SecondAppTests.xctest */,
				3DF2803826953DED0096C0D5 /* SecondAppUITests.xctest */,
			);
			name = Products;
			sourceTree = "<group>";
		};
		3DF2801926953DE50096C0D5 /* SecondApp */ = {
			isa = PBXGroup;
			children = (
				3DF2801A26953DE50096C0D5 /* AppDelegate.swift */,
				3DF2801C26953DE50096C0D5 /* SceneDelegate.swift */,
				3DF2801E26953DE50096C0D5 /* ContentView.swift */,
				3DF2804A2695486E0096C0D5 /* SecondView.swift */,
				3DF2802026953DEC0096C0D5 /* Assets.xcassets */,
				3DF2802526953DED0096C0D5 /* LaunchScreen.storyboard */,
				3DF2802826953DED0096C0D5 /* Info.plist */,
				3DF2802226953DEC0096C0D5 /* Preview Content */,
				3DF2804C26954E1D0096C0D5 /* TimerData.swift */,
			);
			path = SecondApp;
			sourceTree = "<group>";
		};
		3DF2802226953DEC0096C0D5 /* Preview Content */ = {
			isa = PBXGroup;
			children = (
				3DF2802326953DEC0096C0D5 /* Preview Assets.xcassets */,
			);
			path = "Preview Content";
			sourceTree = "<group>";
		};
		3DF2803026953DED0096C0D5 /* SecondAppTests */ = {
			isa = PBXGroup;
			children = (
				3DF2803126953DED0096C0D5 /* SecondAppTests.swift */,
				3DF2803326953DED0096C0D5 /* Info.plist */,
			);
			path = SecondAppTests;
			sourceTree = "<group>";
		};
		3DF2803B26953DED0096C0D5 /* SecondAppUITests */ = {
			isa = PBXGroup;
			children = (
				3DF2803C26953DED0096C0D5 /* SecondAppUITests.swift */,
				3DF2803E26953DED0096C0D5 /* Info.plist */,
			);
			path = SecondAppUITests;
			sourceTree = "<group>";
		};
/* End PBXGroup section */

/* Begin PBXNativeTarget section */
		3DF2801626953DE50096C0D5 /* SecondApp */ = {
			isa = PBXNativeTarget;
			buildConfigurationList = 3DF2804126953DED0096C0D5 /* Build configuration list for PBXNativeTarget "SecondApp" */;
			buildPhases = (
				3DF2801326953DE50096C0D5 /* Sources */,
				3DF2801426953DE50096C0D5 /* Frameworks */,
				3DF2801526953DE50096C0D5 /* Resources */,
			);
			buildRules = (
			);
			dependencies = (
			);
			name = SecondApp;
			productName = SecondApp;
			productReference = 3DF2801726953DE50096C0D5 /* SecondApp.app */;
			productType = "com.apple.product-type.application";
		};
		3DF2802C26953DED0096C0D5 /* SecondAppTests */ = {
			isa = PBXNativeTarget;
			buildConfigurationList = 3DF2804426953DED0096C0D5 /* Build configuration list for PBXNativeTarget "SecondAppTests" */;
			buildPhases = (
				3DF2802926953DED0096C0D5 /* Sources */,
				3DF2802A26953DED0096C0D5 /* Frameworks */,
				3DF2802B26953DED0096C0D5 /* Resources */,
			);
			buildRules = (
			);
			dependencies = (
				3DF2802F26953DED0096C0D5 /* PBXTargetDependency */,
			);
			name = SecondAppTests;
			productName = SecondAppTests;
			productReference = 3DF2802D26953DED0096C0D5 /* SecondAppTests.xctest */;
			productType = "com.apple.product-type.bundle.unit-test";
		};
		3DF2803726953DED0096C0D5 /* SecondAppUITests */ = {
			isa = PBXNativeTarget;
			buildConfigurationList = 3DF2804726953DED0096C0D5 /* Build configuration list for PBXNativeTarget "SecondAppUITests" */;
			buildPhases = (
				3DF2803426953DED0096C0D5 /* Sources */,
				3DF2803526953DED0096C0D5 /* Frameworks */,
				3DF2803626953DED0096C0D5 /* Resources */,
			);
			buildRules = (
			);
			dependencies = (
				3DF2803A26953DED0096C0D5 /* PBXTargetDependency */,
			);
			name = SecondAppUITests;
			productName = SecondAppUITests;
			productReference = 3DF2803826953DED0096C0D5 /* SecondAppUITests.xctest */;
			productType = "com.apple.product-type.bundle.ui-testing";
		};
/* End PBXNativeTarget section */

/* Begin PBXProject section */
		3DF2800F26953DE50096C0D5 /* Project object */ = {
			isa = PBXProject;
			attributes = {
				LastSwiftUpdateCheck = 1250;
				LastUpgradeCheck = 1250;
				TargetAttributes = {
					3DF2801626953DE50096C0D5 = {
						CreatedOnToolsVersion = 12.5.1;
					};
					3DF2802C26953DED0096C0D5 = {
						CreatedOnToolsVersion = 12.5.1;
						TestTargetID = 3DF2801626953DE50096C0D5;
					};
					3DF2803726953DED0096C0D5 = {
						CreatedOnToolsVersion = 12.5.1;
						TestTargetID = 3DF2801626953DE50096C0D5;
					};
				};
			};
			buildConfigurationList = 3DF2801226953DE50096C0D5 /* Build configuration list for PBXProject "SecondApp" */;
			compatibilityVersion = "Xcode 9.3";
			developmentRegion = en;
			hasScannedForEncodings = 0;
			knownRegions = (
				en,
				Base,
			);
			mainGroup = 3DF2800E26953DE50096C0D5;
			productRefGroup = 3DF2801826953DE50096C0D5 /* Products */;
			projectDirPath = "";
			projectRoot = "";
			targets = (
				3DF2801626953DE50096C0D5 /* SecondApp */,
				3DF2802C26953DED0096C0D5 /* SecondAppTests */,
				3DF2803726953DED0096C0D5 /* SecondAppUITests */,
			);
		};
/* End PBXProject section */

/* Begin PBXResourcesBuildPhase section */
		3DF2801526953DE50096C0D5 /* Resources */ = {
			isa = PBXResourcesBuildPhase;
			buildActionMask = 2147483647;
			files = (
				3DF2802726953DED0096C0D5 /* LaunchScreen.storyboard in Resources */,
				3DF2802426953DEC0096C0D5 /* Preview Assets.xcassets in Resources */,
				3DF2802126953DEC0096C0D5 /* Assets.xcassets in Resources */,
			);
			runOnlyForDeploymentPostprocessing = 0;
		};
		3DF2802B26953DED0096C0D5 /* Resources */ = {
			isa = PBXResourcesBuildPhase;
			buildActionMask = 2147483647;
			files = (
			);
			runOnlyForDeploymentPostprocessing = 0;
		};
		3DF2803626953DED0096C0D5 /* Resources */ = {
			isa = PBXResourcesBuildPhase;
			buildActionMask = 2147483647;
			files = (
			);
			runOnlyForDeploymentPostprocessing = 0;
		};
/* End PBXResourcesBuildPhase section */

/* Begin PBXSourcesBuildPhase section */
		3DF2801326953DE50096C0D5 /* Sources */ = {
			isa = PBXSourcesBuildPhase;
			buildActionMask = 2147483647;
			files = (
				3DF2801B26953DE50096C0D5 /* AppDelegate.swift in Sources */,
				3DF2801D26953DE50096C0D5 /* SceneDelegate.swift in Sources */,
				3DF2804B2695486E0096C0D5 /* SecondView.swift in Sources */,
				3DF2804D26954E1D0096C0D5 /* TimerData.swift in Sources */,
				3DF2801F26953DE50096C0D5 /* ContentView.swift in Sources */,
			);
			runOnlyForDeploymentPostprocessing = 0;
		};
		3DF2802926953DED0096C0D5 /* Sources */ = {
			isa = PBXSourcesBuildPhase;
			buildActionMask = 2147483647;
			files = (
				3DF2803226953DED0096C0D5 /* SecondAppTests.swift in Sources */,
			);
			runOnlyForDeploymentPostprocessing = 0;
		};
		3DF2803426953DED0096C0D5 /* Sources */ = {
			isa = PBXSourcesBuildPhase;
			buildActionMask = 2147483647;
			files = (
				3DF2803D26953DED0096C0D5 /* SecondAppUITests.swift in Sources */,
			);
			runOnlyForDeploymentPostprocessing = 0;
		};
/* End PBXSourcesBuildPhase section */

/* Begin PBXTargetDependency section */
		3DF2802F26953DED0096C0D5 /* PBXTargetDependency */ = {
			isa = PBXTargetDependency;
			target = 3DF2801626953DE50096C0D5 /* SecondApp */;
			targetProxy = 3DF2802E26953DED0096C0D5 /* PBXContainerItemProxy */;
		};
		3DF2803A26953DED0096C0D5 /* PBXTargetDependency */ = {
			isa = PBXTargetDependency;
			target = 3DF2801626953DE50096C0D5 /* SecondApp */;
			targetProxy = 3DF2803926953DED0096C0D5 /* PBXContainerItemProxy */;
		};
/* End PBXTargetDependency section */

/* Begin PBXVariantGroup section */
		3DF2802526953DED0096C0D5 /* LaunchScreen.storyboard */ = {
			isa = PBXVariantGroup;
			children = (
				3DF2802626953DED0096C0D5 /* Base */,
			);
			name = LaunchScreen.storyboard;
			sourceTree = "<group>";
		};
/* End PBXVariantGroup section */

/* Begin XCBuildConfiguration section */
		3DF2803F26953DED0096C0D5 /* Debug */ = {
			isa = XCBuildConfiguration;
			buildSettings = {
				ALWAYS_SEARCH_USER_PATHS = NO;
				CLANG_ANALYZER_NONNULL = YES;
				CLANG_ANALYZER_NUMBER_OBJECT_CONVERSION = YES_AGGRESSIVE;
				CLANG_CXX_LANGUAGE_STANDARD = "gnu++14";
				CLANG_CXX_LIBRARY = "libc++";
				CLANG_ENABLE_MODULES = YES;
				CLANG_ENABLE_OBJC_ARC = YES;
				CLANG_ENABLE_OBJC_WEAK = YES;
				CLANG_WARN_BLOCK_CAPTURE_AUTORELEASING = YES;
				CLANG_WARN_BOOL_CONVERSION = YES;
				CLANG_WARN_COMMA = YES;
				CLANG_WARN_CONSTANT_CONVERSION = YES;
				CLANG_WARN_DEPRECATED_OBJC_IMPLEMENTATIONS = YES;
				CLANG_WARN_DIRECT_OBJC_ISA_USAGE = YES_ERROR;
				CLANG_WARN_DOCUMENTATION_COMMENTS = YES;
				CLANG_WARN_EMPTY_BODY = YES;
				CLANG_WARN_ENUM_CONVERSION = YES;
				CLANG_WARN_INFINITE_RECURSION = YES;
				CLANG_WARN_INT_CONVERSION = YES;
				CLANG_WARN_NON_LITERAL_NULL_CONVERSION = YES;
				CLANG_WARN_OBJC_IMPLICIT_RETAIN_SELF = YES;
				CLANG_WARN_OBJC_LITERAL_CONVERSION = YES;
				CLANG_WARN_OBJC_ROOT_CLASS = YES_ERROR;
				CLANG_WARN_QUOTED_INCLUDE_IN_FRAMEWORK_HEADER = YES;
				CLANG_WARN_RANGE_LOOP_ANALYSIS = YES;
				CLANG_WARN_STRICT_PROTOTYPES = YES;
				CLANG_WARN_SUSPICIOUS_MOVE = YES;
				CLANG_WARN_UNGUARDED_AVAILABILITY = YES_AGGRESSIVE;
				CLANG_WARN_UNREACHABLE_CODE = YES;
				CLANG_WARN__DUPLICATE_METHOD_MATCH = YES;
				COPY_PHASE_STRIP = NO;
				DEBUG_INFORMATION_FORMAT = dwarf;
				ENABLE_STRICT_OBJC_MSGSEND = YES;
				ENABLE_TESTABILITY = YES;
				GCC_C_LANGUAGE_STANDARD = gnu11;
				GCC_DYNAMIC_NO_PIC = NO;
				GCC_NO_COMMON_BLOCKS = YES;
				GCC_OPTIMIZATION_LEVEL = 0;
				GCC_PREPROCESSOR_DEFINITIONS = (
					"DEBUG=1",
					"$(inherited)",
				);
				GCC_WARN_64_TO_32_BIT_CONVERSION = YES;
				GCC_WARN_ABOUT_RETURN_TYPE = YES_ERROR;
				GCC_WARN_UNDECLARED_SELECTOR = YES;
				GCC_WARN_UNINITIALIZED_AUTOS = YES_AGGRESSIVE;
				GCC_WARN_UNUSED_FUNCTION = YES;
				GCC_WARN_UNUSED_VARIABLE = YES;
				IPHONEOS_DEPLOYMENT_TARGET = 14.5;
				MTL_ENABLE_DEBUG_INFO = INCLUDE_SOURCE;
				MTL_FAST_MATH = YES;
				ONLY_ACTIVE_ARCH = YES;
				SDKROOT = iphoneos;
				SWIFT_ACTIVE_COMPILATION_CONDITIONS = DEBUG;
				SWIFT_OPTIMIZATION_LEVEL = "-Onone";
			};
			name = Debug;
		};
		3DF2804026953DED0096C0D5 /* Release */ = {
			isa = XCBuildConfiguration;
			buildSettings = {
				ALWAYS_SEARCH_USER_PATHS = NO;
				CLANG_ANALYZER_NONNULL = YES;
				CLANG_ANALYZER_NUMBER_OBJECT_CONVERSION = YES_AGGRESSIVE;
				CLANG_CXX_LANGUAGE_STANDARD = "gnu++14";
				CLANG_CXX_LIBRARY = "libc++";
				CLANG_ENABLE_MODULES = YES;
				CLANG_ENABLE_OBJC_ARC = YES;
				CLANG_ENABLE_OBJC_WEAK = YES;
				CLANG_WARN_BLOCK_CAPTURE_AUTORELEASING = YES;
				CLANG_WARN_BOOL_CONVERSION = YES;
				CLANG_WARN_COMMA = YES;
				CLANG_WARN_CONSTANT_CONVERSION = YES;
				CLANG_WARN_DEPRECATED_OBJC_IMPLEMENTATIONS = YES;
				CLANG_WARN_DIRECT_OBJC_ISA_USAGE = YES_ERROR;
				CLANG_WARN_DOCUMENTATION_COMMENTS = YES;
				CLANG_WARN_EMPTY_BODY = YES;
				CLANG_WARN_ENUM_CONVERSION = YES;
				CLANG_WARN_INFINITE_RECURSION = YES;
				CLANG_WARN_INT_CONVERSION = YES;
				CLANG_WARN_NON_LITERAL_NULL_CONVERSION = YES;
				CLANG_WARN_OBJC_IMPLICIT_RETAIN_SELF = YES;
				CLANG_WARN_OBJC_LITERAL_CONVERSION = YES;
				CLANG_WARN_OBJC_ROOT_CLASS = YES_ERROR;
				CLANG_WARN_QUOTED_INCLUDE_IN_FRAMEWORK_HEADER = YES;
				CLANG_WARN_RANGE_LOOP_ANALYSIS = YES;
				CLANG_WARN_STRICT_PROTOTYPES = YES;
				CLANG_WARN_SUSPICIOUS_MOVE = YES;
				CLANG_WARN_UNGUARDED_AVAILABILITY = YES_AGGRESSIVE;
				CLANG_WARN_UNREACHABLE_CODE = YES;
				CLANG_WARN__DUPLICATE_METHOD_MATCH = YES;
				COPY_PHASE_STRIP = NO;
				DEBUG_INFORMATION_FORMAT = "dwarf-with-dsym";
				ENABLE_NS_ASSERTIONS = NO;
				ENABLE_STRICT_OBJC_MSGSEND = YES;
				GCC_C_LANGUAGE_STANDARD = gnu11;
				GCC_NO_COMMON_BLOCKS = YES;
				GCC_WARN_64_TO_32_BIT_CONVERSION = YES;
				GCC_WARN_ABOUT_RETURN_TYPE = YES_ERROR;
				GCC_WARN_UNDECLARED_SELECTOR = YES;
				GCC_WARN_UNINITIALIZED_AUTOS = YES_AGGRESSIVE;
				GCC_WARN_UNUSED_FUNCTION = YES;
				GCC_WARN_UNUSED_VARIABLE = YES;
				IPHONEOS_DEPLOYMENT_TARGET = 14.5;
				MTL_ENABLE_DEBUG_INFO = NO;
				MTL_FAST_MATH = YES;
				SDKROOT = iphoneos;
				SWIFT_COMPILATION_MODE = wholemodule;
				SWIFT_OPTIMIZATION_LEVEL = "-O";
				VALIDATE_PRODUCT = YES;
			};
			name = Release;
		};
		3DF2804226953DED0096C0D5 /* Debug */ = {
			isa = XCBuildConfiguration;
			buildSettings = {
				ASSETCATALOG_COMPILER_APPICON_NAME = AppIcon;
				ASSETCATALOG_COMPILER_GLOBAL_ACCENT_COLOR_NAME = AccentColor;
				CODE_SIGN_STYLE = Automatic;
				DEVELOPMENT_ASSET_PATHS = "\"SecondApp/Preview Content\"";
				DEVELOPMENT_TEAM = 4NYNKSRA5Z;
				ENABLE_PREVIEWS = YES;
				INFOPLIST_FILE = SecondApp/Info.plist;
				LD_RUNPATH_SEARCH_PATHS = (
					"$(inherited)",
					"@executable_path/Frameworks",
				);
				PRODUCT_BUNDLE_IDENTIFIER = kr.ac.kpu.ce.ios.scgyong.SecondApp;
				PRODUCT_NAME = "$(TARGET_NAME)";
				SWIFT_VERSION = 5.0;
				TARGETED_DEVICE_FAMILY = "1,2";
			};
			name = Debug;
		};
		3DF2804326953DED0096C0D5 /* Release */ = {
			isa = XCBuildConfiguration;
			buildSettings = {
				ASSETCATALOG_COMPILER_APPICON_NAME = AppIcon;
				ASSETCATALOG_COMPILER_GLOBAL_ACCENT_COLOR_NAME = AccentColor;
				CODE_SIGN_STYLE = Automatic;
				DEVELOPMENT_ASSET_PATHS = "\"SecondApp/Preview Content\"";
				DEVELOPMENT_TEAM = 4NYNKSRA5Z;
				ENABLE_PREVIEWS = YES;
				INFOPLIST_FILE = SecondApp/Info.plist;
				LD_RUNPATH_SEARCH_PATHS = (
					"$(inherited)",
					"@executable_path/Frameworks",
				);
				PRODUCT_BUNDLE_IDENTIFIER = kr.ac.kpu.ce.ios.scgyong.SecondApp;
				PRODUCT_NAME = "$(TARGET_NAME)";
				SWIFT_VERSION = 5.0;
				TARGETED_DEVICE_FAMILY = "1,2";
			};
			name = Release;
		};
		3DF2804526953DED0096C0D5 /* Debug */ = {
			isa = XCBuildConfiguration;
			buildSettings = {
				ALWAYS_EMBED_SWIFT_STANDARD_LIBRARIES = YES;
				BUNDLE_LOADER = "$(TEST_HOST)";
				CODE_SIGN_STYLE = Automatic;
				DEVELOPMENT_TEAM = 4NYNKSRA5Z;
				INFOPLIST_FILE = SecondAppTests/Info.plist;
				IPHONEOS_DEPLOYMENT_TARGET = 14.5;
				LD_RUNPATH_SEARCH_PATHS = (
					"$(inherited)",
					"@executable_path/Frameworks",
					"@loader_path/Frameworks",
				);
				PRODUCT_BUNDLE_IDENTIFIER = kr.ac.kpu.ce.ios.scgyong.SecondAppTests;
				PRODUCT_NAME = "$(TARGET_NAME)";
				SWIFT_VERSION = 5.0;
				TARGETED_DEVICE_FAMILY = "1,2";
				TEST_HOST = "$(BUILT_PRODUCTS_DIR)/SecondApp.app/SecondApp";
			};
			name = Debug;
		};
		3DF2804626953DED0096C0D5 /* Release */ = {
			isa = XCBuildConfiguration;
			buildSettings = {
				ALWAYS_EMBED_SWIFT_STANDARD_LIBRARIES = YES;
				BUNDLE_LOADER = "$(TEST_HOST)";
				CODE_SIGN_STYLE = Automatic;
				DEVELOPMENT_TEAM = 4NYNKSRA5Z;
				INFOPLIST_FILE = SecondAppTests/Info.plist;
				IPHONEOS_DEPLOYMENT_TARGET = 14.5;
				LD_RUNPATH_SEARCH_PATHS = (
					"$(inherited)",
					"@executable_path/Frameworks",
					"@loader_path/Frameworks",
				);
				PRODUCT_BUNDLE_IDENTIFIER = kr.ac.kpu.ce.ios.scgyong.SecondAppTests;
				PRODUCT_NAME = "$(TARGET_NAME)";
				SWIFT_VERSION = 5.0;
				TARGETED_DEVICE_FAMILY = "1,2";
				TEST_HOST = "$(BUILT_PRODUCTS_DIR)/SecondApp.app/SecondApp";
			};
			name = Release;
		};
		3DF2804826953DED0096C0D5 /* Debug */ = {
			isa = XCBuildConfiguration;
			buildSettings = {
				ALWAYS_EMBED_SWIFT_STANDARD_LIBRARIES = YES;
				CODE_SIGN_STYLE = Automatic;
				DEVELOPMENT_TEAM = 4NYNKSRA5Z;
				INFOPLIST_FILE = SecondAppUITests/Info.plist;
				LD_RUNPATH_SEARCH_PATHS = (
					"$(inherited)",
					"@executable_path/Frameworks",
					"@loader_path/Frameworks",
				);
				PRODUCT_BUNDLE_IDENTIFIER = kr.ac.kpu.ce.ios.scgyong.SecondAppUITests;
				PRODUCT_NAME = "$(TARGET_NAME)";
				SWIFT_VERSION = 5.0;
				TARGETED_DEVICE_FAMILY = "1,2";
				TEST_TARGET_NAME = SecondApp;
			};
			name = Debug;
		};
		3DF2804926953DED0096C0D5 /* Release */ = {
			isa = XCBuildConfiguration;
			buildSettings = {
				ALWAYS_EMBED_SWIFT_STANDARD_LIBRARIES = YES;
				CODE_SIGN_STYLE = Automatic;
				DEVELOPMENT_TEAM = 4NYNKSRA5Z;
				INFOPLIST_FILE = SecondAppUITests/Info.plist;
				LD_RUNPATH_SEARCH_PATHS = (
					"$(inherited)",
					"@executable_path/Frameworks",
					"@loader_path/Frameworks",
				);
				PRODUCT_BUNDLE_IDENTIFIER = kr.ac.kpu.ce.ios.scgyong.SecondAppUITests;
				PRODUCT_NAME = "$(TARGET_NAME)";
				SWIFT_VERSION = 5.0;
				TARGETED_DEVICE_FAMILY = "1,2";
				TEST_TARGET_NAME = SecondApp;
			};
			name = Release;
		};
/* End XCBuildConfiguration section */

/* Begin XCConfigurationList section */
		3DF2801226953DE50096C0D5 /* Build configuration list for PBXProject "SecondApp" */ = {
			isa = XCConfigurationList;
			buildConfigurations = (
				3DF2803F26953DED0096C0D5 /* Debug */,
				3DF2804026953DED0096C0D5 /* Release */,
			);
			defaultConfigurationIsVisible = 0;
			defaultConfigurationName = Release;
		};
		3DF2804126953DED0096C0D5 /* Build configuration list for PBXNativeTarget "SecondApp" */ = {
			isa = XCConfigurationList;
			buildConfigurations = (
				3DF2804226953DED0096C0D5 /* Debug */,
				3DF2804326953DED0096C0D5 /* Release */,
			);
			defaultConfigurationIsVisible = 0;
			defaultConfigurationName = Release;
		};
		3DF2804426953DED0096C0D5 /* Build configuration list for PBXNativeTarget "SecondAppTests" */ = {
			isa = XCConfigurationList;
			buildConfigurations = (
				3DF2804526953DED0096C0D5 /* Debug */,
				3DF2804626953DED0096C0D5 /* Release */,
			);
			defaultConfigurationIsVisible = 0;
			defaultConfigurationName = Release;
		};
		3DF2804726953DED0096C0D5 /* Build configuration list for PBXNativeTarget "SecondAppUITests" */ = {
			isa = XCConfigurationList;
			buildConfigurations = (
				3DF2804826953DED0096C0D5 /* Debug */,
				3DF2804926953DED0096C0D5 /* Release */,
			);
			defaultConfigurationIsVisible = 0;
			defaultConfigurationName = Release;
		};
/* End XCConfigurationList section */
	};
	rootObject = 3DF2800F26953DE50096C0D5 /* Project object */;
}
