// !$*UTF8*$!
{
	archiveVersion = 1;
	classes = {
	};
	objectVersion = 50;
	objects = {

/* Begin PBXBuildFile section */
		3D28B7412696CCB400BD2E58 /* AppDelegate.swift in Sources */ = {isa = PBXBuildFile; fileRef = 3D28B7402696CCB400BD2E58 /* AppDelegate.swift */; };
		3D28B7432696CCB400BD2E58 /* SceneDelegate.swift in Sources */ = {isa = PBXBuildFile; fileRef = 3D28B7422696CCB400BD2E58 /* SceneDelegate.swift */; };
		3D28B7452696CCB400BD2E58 /* ContentView.swift in Sources */ = {isa = PBXBuildFile; fileRef = 3D28B7442696CCB400BD2E58 /* ContentView.swift */; };
		3D28B7472696CCB800BD2E58 /* Assets.xcassets in Resources */ = {isa = PBXBuildFile; fileRef = 3D28B7462696CCB800BD2E58 /* Assets.xcassets */; };
		3D28B74A2696CCB800BD2E58 /* Preview Assets.xcassets in Resources */ = {isa = PBXBuildFile; fileRef = 3D28B7492696CCB800BD2E58 /* Preview Assets.xcassets */; };
		3D28B74D2696CCB800BD2E58 /* LaunchScreen.storyboard in Resources */ = {isa = PBXBuildFile; fileRef = 3D28B74B2696CCB800BD2E58 /* LaunchScreen.storyboard */; };
		3D28B7582696CCB800BD2E58 /* AnimAppTests.swift in Sources */ = {isa = PBXBuildFile; fileRef = 3D28B7572696CCB800BD2E58 /* AnimAppTests.swift */; };
		3D28B7632696CCB800BD2E58 /* AnimAppUITests.swift in Sources */ = {isa = PBXBuildFile; fileRef = 3D28B7622696CCB800BD2E58 /* AnimAppUITests.swift */; };
/* End PBXBuildFile section */

/* Begin PBXContainerItemProxy section */
		3D28B7542696CCB800BD2E58 /* PBXContainerItemProxy */ = {
			isa = PBXContainerItemProxy;
			containerPortal = 3D28B7352696CCB400BD2E58 /* Project object */;
			proxyType = 1;
			remoteGlobalIDString = 3D28B73C2696CCB400BD2E58;
			remoteInfo = AnimApp;
		};
		3D28B75F2696CCB800BD2E58 /* PBXContainerItemProxy */ = {
			isa = PBXContainerItemProxy;
			containerPortal = 3D28B7352696CCB400BD2E58 /* Project object */;
			proxyType = 1;
			remoteGlobalIDString = 3D28B73C2696CCB400BD2E58;
			remoteInfo = AnimApp;
		};
/* End PBXContainerItemProxy section */

/* Begin PBXFileReference section */
		3D28B73D2696CCB400BD2E58 /* AnimApp.app */ = {isa = PBXFileReference; explicitFileType = wrapper.application; includeInIndex = 0; path = AnimApp.app; sourceTree = BUILT_PRODUCTS_DIR; };
		3D28B7402696CCB400BD2E58 /* AppDelegate.swift */ = {isa = PBXFileReference; lastKnownFileType = sourcecode.swift; path = AppDelegate.swift; sourceTree = "<group>"; };
		3D28B7422696CCB400BD2E58 /* SceneDelegate.swift */ = {isa = PBXFileReference; lastKnownFileType = sourcecode.swift; path = SceneDelegate.swift; sourceTree = "<group>"; };
		3D28B7442696CCB400BD2E58 /* ContentView.swift */ = {isa = PBXFileReference; lastKnownFileType = sourcecode.swift; path = ContentView.swift; sourceTree = "<group>"; };
		3D28B7462696CCB800BD2E58 /* Assets.xcassets */ = {isa = PBXFileReference; lastKnownFileType = folder.assetcatalog; path = Assets.xcassets; sourceTree = "<group>"; };
		3D28B7492696CCB800BD2E58 /* Preview Assets.xcassets */ = {isa = PBXFileReference; lastKnownFileType = folder.assetcatalog; path = "Preview Assets.xcassets"; sourceTree = "<group>"; };
		3D28B74C2696CCB800BD2E58 /* Base */ = {isa = PBXFileReference; lastKnownFileType = file.storyboard; name = Base; path = Base.lproj/LaunchScreen.storyboard; sourceTree = "<group>"; };
		3D28B74E2696CCB800BD2E58 /* Info.plist */ = {isa = PBXFileReference; lastKnownFileType = text.plist.xml; path = Info.plist; sourceTree = "<group>"; };
		3D28B7532696CCB800BD2E58 /* AnimAppTests.xctest */ = {isa = PBXFileReference; explicitFileType = wrapper.cfbundle; includeInIndex = 0; path = AnimAppTests.xctest; sourceTree = BUILT_PRODUCTS_DIR; };
		3D28B7572696CCB800BD2E58 /* AnimAppTests.swift */ = {isa = PBXFileReference; lastKnownFileType = sourcecode.swift; path = AnimAppTests.swift; sourceTree = "<group>"; };
		3D28B7592696CCB800BD2E58 /* Info.plist */ = {isa = PBXFileReference; lastKnownFileType = text.plist.xml; path = Info.plist; sourceTree = "<group>"; };
		3D28B75E2696CCB800BD2E58 /* AnimAppUITests.xctest */ = {isa = PBXFileReference; explicitFileType = wrapper.cfbundle; includeInIndex = 0; path = AnimAppUITests.xctest; sourceTree = BUILT_PRODUCTS_DIR; };
		3D28B7622696CCB800BD2E58 /* AnimAppUITests.swift */ = {isa = PBXFileReference; lastKnownFileType = sourcecode.swift; path = AnimAppUITests.swift; sourceTree = "<group>"; };
		3D28B7642696CCB800BD2E58 /* Info.plist */ = {isa = PBXFileReference; lastKnownFileType = text.plist.xml; path = Info.plist; sourceTree = "<group>"; };
/* End PBXFileReference section */

/* Begin PBXFrameworksBuildPhase section */
		3D28B73A2696CCB400BD2E58 /* Frameworks */ = {
			isa = PBXFrameworksBuildPhase;
			buildActionMask = 2147483647;
			files = (
			);
			runOnlyForDeploymentPostprocessing = 0;
		};
		3D28B7502696CCB800BD2E58 /* Frameworks */ = {
			isa = PBXFrameworksBuildPhase;
			buildActionMask = 2147483647;
			files = (
			);
			runOnlyForDeploymentPostprocessing = 0;
		};
		3D28B75B2696CCB800BD2E58 /* Frameworks */ = {
			isa = PBXFrameworksBuildPhase;
			buildActionMask = 2147483647;
			files = (
			);
			runOnlyForDeploymentPostprocessing = 0;
		};
/* End PBXFrameworksBuildPhase section */

/* Begin PBXGroup section */
		3D28B7342696CCB400BD2E58 = {
			isa = PBXGroup;
			children = (
				3D28B73F2696CCB400BD2E58 /* AnimApp */,
				3D28B7562696CCB800BD2E58 /* AnimAppTests */,
				3D28B7612696CCB800BD2E58 /* AnimAppUITests */,
				3D28B73E2696CCB400BD2E58 /* Products */,
			);
			sourceTree = "<group>";
		};
		3D28B73E2696CCB400BD2E58 /* Products */ = {
			isa = PBXGroup;
			children = (
				3D28B73D2696CCB400BD2E58 /* AnimApp.app */,
				3D28B7532696CCB800BD2E58 /* AnimAppTests.xctest */,
				3D28B75E2696CCB800BD2E58 /* AnimAppUITests.xctest */,
			);
			name = Products;
			sourceTree = "<group>";
		};
		3D28B73F2696CCB400BD2E58 /* AnimApp */ = {
			isa = PBXGroup;
			children = (
				3D28B7402696CCB400BD2E58 /* AppDelegate.swift */,
				3D28B7422696CCB400BD2E58 /* SceneDelegate.swift */,
				3D28B7442696CCB400BD2E58 /* ContentView.swift */,
				3D28B7462696CCB800BD2E58 /* Assets.xcassets */,
				3D28B74B2696CCB800BD2E58 /* LaunchScreen.storyboard */,
				3D28B74E2696CCB800BD2E58 /* Info.plist */,
				3D28B7482696CCB800BD2E58 /* Preview Content */,
			);
			path = AnimApp;
			sourceTree = "<group>";
		};
		3D28B7482696CCB800BD2E58 /* Preview Content */ = {
			isa = PBXGroup;
			children = (
				3D28B7492696CCB800BD2E58 /* Preview Assets.xcassets */,
			);
			path = "Preview Content";
			sourceTree = "<group>";
		};
		3D28B7562696CCB800BD2E58 /* AnimAppTests */ = {
			isa = PBXGroup;
			children = (
				3D28B7572696CCB800BD2E58 /* AnimAppTests.swift */,
				3D28B7592696CCB800BD2E58 /* Info.plist */,
			);
			path = AnimAppTests;
			sourceTree = "<group>";
		};
		3D28B7612696CCB800BD2E58 /* AnimAppUITests */ = {
			isa = PBXGroup;
			children = (
				3D28B7622696CCB800BD2E58 /* AnimAppUITests.swift */,
				3D28B7642696CCB800BD2E58 /* Info.plist */,
			);
			path = AnimAppUITests;
			sourceTree = "<group>";
		};
/* End PBXGroup section */

/* Begin PBXNativeTarget section */
		3D28B73C2696CCB400BD2E58 /* AnimApp */ = {
			isa = PBXNativeTarget;
			buildConfigurationList = 3D28B7672696CCB800BD2E58 /* Build configuration list for PBXNativeTarget "AnimApp" */;
			buildPhases = (
				3D28B7392696CCB400BD2E58 /* Sources */,
				3D28B73A2696CCB400BD2E58 /* Frameworks */,
				3D28B73B2696CCB400BD2E58 /* Resources */,
			);
			buildRules = (
			);
			dependencies = (
			);
			name = AnimApp;
			productName = AnimApp;
			productReference = 3D28B73D2696CCB400BD2E58 /* AnimApp.app */;
			productType = "com.apple.product-type.application";
		};
		3D28B7522696CCB800BD2E58 /* AnimAppTests */ = {
			isa = PBXNativeTarget;
			buildConfigurationList = 3D28B76A2696CCB800BD2E58 /* Build configuration list for PBXNativeTarget "AnimAppTests" */;
			buildPhases = (
				3D28B74F2696CCB800BD2E58 /* Sources */,
				3D28B7502696CCB800BD2E58 /* Frameworks */,
				3D28B7512696CCB800BD2E58 /* Resources */,
			);
			buildRules = (
			);
			dependencies = (
				3D28B7552696CCB800BD2E58 /* PBXTargetDependency */,
			);
			name = AnimAppTests;
			productName = AnimAppTests;
			productReference = 3D28B7532696CCB800BD2E58 /* AnimAppTests.xctest */;
			productType = "com.apple.product-type.bundle.unit-test";
		};
		3D28B75D2696CCB800BD2E58 /* AnimAppUITests */ = {
			isa = PBXNativeTarget;
			buildConfigurationList = 3D28B76D2696CCB800BD2E58 /* Build configuration list for PBXNativeTarget "AnimAppUITests" */;
			buildPhases = (
				3D28B75A2696CCB800BD2E58 /* Sources */,
				3D28B75B2696CCB800BD2E58 /* Frameworks */,
				3D28B75C2696CCB800BD2E58 /* Resources */,
			);
			buildRules = (
			);
			dependencies = (
				3D28B7602696CCB800BD2E58 /* PBXTargetDependency */,
			);
			name = AnimAppUITests;
			productName = AnimAppUITests;
			productReference = 3D28B75E2696CCB800BD2E58 /* AnimAppUITests.xctest */;
			productType = "com.apple.product-type.bundle.ui-testing";
		};
/* End PBXNativeTarget section */

/* Begin PBXProject section */
		3D28B7352696CCB400BD2E58 /* Project object */ = {
			isa = PBXProject;
			attributes = {
				LastSwiftUpdateCheck = 1250;
				LastUpgradeCheck = 1250;
				TargetAttributes = {
					3D28B73C2696CCB400BD2E58 = {
						CreatedOnToolsVersion = 12.5.1;
					};
					3D28B7522696CCB800BD2E58 = {
						CreatedOnToolsVersion = 12.5.1;
						TestTargetID = 3D28B73C2696CCB400BD2E58;
					};
					3D28B75D2696CCB800BD2E58 = {
						CreatedOnToolsVersion = 12.5.1;
						TestTargetID = 3D28B73C2696CCB400BD2E58;
					};
				};
			};
			buildConfigurationList = 3D28B7382696CCB400BD2E58 /* Build configuration list for PBXProject "AnimApp" */;
			compatibilityVersion = "Xcode 9.3";
			developmentRegion = en;
			hasScannedForEncodings = 0;
			knownRegions = (
				en,
				Base,
			);
			mainGroup = 3D28B7342696CCB400BD2E58;
			productRefGroup = 3D28B73E2696CCB400BD2E58 /* Products */;
			projectDirPath = "";
			projectRoot = "";
			targets = (
				3D28B73C2696CCB400BD2E58 /* AnimApp */,
				3D28B7522696CCB800BD2E58 /* AnimAppTests */,
				3D28B75D2696CCB800BD2E58 /* AnimAppUITests */,
			);
		};
/* End PBXProject section */

/* Begin PBXResourcesBuildPhase section */
		3D28B73B2696CCB400BD2E58 /* Resources */ = {
			isa = PBXResourcesBuildPhase;
			buildActionMask = 2147483647;
			files = (
				3D28B74D2696CCB800BD2E58 /* LaunchScreen.storyboard in Resources */,
				3D28B74A2696CCB800BD2E58 /* Preview Assets.xcassets in Resources */,
				3D28B7472696CCB800BD2E58 /* Assets.xcassets in Resources */,
			);
			runOnlyForDeploymentPostprocessing = 0;
		};
		3D28B7512696CCB800BD2E58 /* Resources */ = {
			isa = PBXResourcesBuildPhase;
			buildActionMask = 2147483647;
			files = (
			);
			runOnlyForDeploymentPostprocessing = 0;
		};
		3D28B75C2696CCB800BD2E58 /* Resources */ = {
			isa = PBXResourcesBuildPhase;
			buildActionMask = 2147483647;
			files = (
			);
			runOnlyForDeploymentPostprocessing = 0;
		};
/* End PBXResourcesBuildPhase section */

/* Begin PBXSourcesBuildPhase section */
		3D28B7392696CCB400BD2E58 /* Sources */ = {
			isa = PBXSourcesBuildPhase;
			buildActionMask = 2147483647;
			files = (
				3D28B7412696CCB400BD2E58 /* AppDelegate.swift in Sources */,
				3D28B7432696CCB400BD2E58 /* SceneDelegate.swift in Sources */,
				3D28B7452696CCB400BD2E58 /* ContentView.swift in Sources */,
			);
			runOnlyForDeploymentPostprocessing = 0;
		};
		3D28B74F2696CCB800BD2E58 /* Sources */ = {
			isa = PBXSourcesBuildPhase;
			buildActionMask = 2147483647;
			files = (
				3D28B7582696CCB800BD2E58 /* AnimAppTests.swift in Sources */,
			);
			runOnlyForDeploymentPostprocessing = 0;
		};
		3D28B75A2696CCB800BD2E58 /* Sources */ = {
			isa = PBXSourcesBuildPhase;
			buildActionMask = 2147483647;
			files = (
				3D28B7632696CCB800BD2E58 /* AnimAppUITests.swift in Sources */,
			);
			runOnlyForDeploymentPostprocessing = 0;
		};
/* End PBXSourcesBuildPhase section */

/* Begin PBXTargetDependency section */
		3D28B7552696CCB800BD2E58 /* PBXTargetDependency */ = {
			isa = PBXTargetDependency;
			target = 3D28B73C2696CCB400BD2E58 /* AnimApp */;
			targetProxy = 3D28B7542696CCB800BD2E58 /* PBXContainerItemProxy */;
		};
		3D28B7602696CCB800BD2E58 /* PBXTargetDependency */ = {
			isa = PBXTargetDependency;
			target = 3D28B73C2696CCB400BD2E58 /* AnimApp */;
			targetProxy = 3D28B75F2696CCB800BD2E58 /* PBXContainerItemProxy */;
		};
/* End PBXTargetDependency section */

/* Begin PBXVariantGroup section */
		3D28B74B2696CCB800BD2E58 /* LaunchScreen.storyboard */ = {
			isa = PBXVariantGroup;
			children = (
				3D28B74C2696CCB800BD2E58 /* Base */,
			);
			name = LaunchScreen.storyboard;
			sourceTree = "<group>";
		};
/* End PBXVariantGroup section */

/* Begin XCBuildConfiguration section */
		3D28B7652696CCB800BD2E58 /* Debug */ = {
			isa = XCBuildConfiguration;
			buildSettings = {
				ALWAYS_SEARCH_USER_PATHS = NO;
				CLANG_ANALYZER_NONNULL = YES;
				CLANG_ANALYZER_NUMBER_OBJECT_CONVERSION = YES_AGGRESSIVE;
				CLANG_CXX_LANGUAGE_STANDARD = "gnu++14";
				CLANG_CXX_LIBRARY = "libc++";
				CLANG_ENABLE_MODULES = YES;
				CLANG_ENABLE_OBJC_ARC = YES;
				CLANG_ENABLE_OBJC_WEAK = YES;
				CLANG_WARN_BLOCK_CAPTURE_AUTORELEASING = YES;
				CLANG_WARN_BOOL_CONVERSION = YES;
				CLANG_WARN_COMMA = YES;
				CLANG_WARN_CONSTANT_CONVERSION = YES;
				CLANG_WARN_DEPRECATED_OBJC_IMPLEMENTATIONS = YES;
				CLANG_WARN_DIRECT_OBJC_ISA_USAGE = YES_ERROR;
				CLANG_WARN_DOCUMENTATION_COMMENTS = YES;
				CLANG_WARN_EMPTY_BODY = YES;
				CLANG_WARN_ENUM_CONVERSION = YES;
				CLANG_WARN_INFINITE_RECURSION = YES;
				CLANG_WARN_INT_CONVERSION = YES;
				CLANG_WARN_NON_LITERAL_NULL_CONVERSION = YES;
				CLANG_WARN_OBJC_IMPLICIT_RETAIN_SELF = YES;
				CLANG_WARN_OBJC_LITERAL_CONVERSION = YES;
				CLANG_WARN_OBJC_ROOT_CLASS = YES_ERROR;
				CLANG_WARN_QUOTED_INCLUDE_IN_FRAMEWORK_HEADER = YES;
				CLANG_WARN_RANGE_LOOP_ANALYSIS = YES;
				CLANG_WARN_STRICT_PROTOTYPES = YES;
				CLANG_WARN_SUSPICIOUS_MOVE = YES;
				CLANG_WARN_UNGUARDED_AVAILABILITY = YES_AGGRESSIVE;
				CLANG_WARN_UNREACHABLE_CODE = YES;
				CLANG_WARN__DUPLICATE_METHOD_MATCH = YES;
				COPY_PHASE_STRIP = NO;
				DEBUG_INFORMATION_FORMAT = dwarf;
				ENABLE_STRICT_OBJC_MSGSEND = YES;
				ENABLE_TESTABILITY = YES;
				GCC_C_LANGUAGE_STANDARD = gnu11;
				GCC_DYNAMIC_NO_PIC = NO;
				GCC_NO_COMMON_BLOCKS = YES;
				GCC_OPTIMIZATION_LEVEL = 0;
				GCC_PREPROCESSOR_DEFINITIONS = (
					"DEBUG=1",
					"$(inherited)",
				);
				GCC_WARN_64_TO_32_BIT_CONVERSION = YES;
				GCC_WARN_ABOUT_RETURN_TYPE = YES_ERROR;
				GCC_WARN_UNDECLARED_SELECTOR = YES;
				GCC_WARN_UNINITIALIZED_AUTOS = YES_AGGRESSIVE;
				GCC_WARN_UNUSED_FUNCTION = YES;
				GCC_WARN_UNUSED_VARIABLE = YES;
				IPHONEOS_DEPLOYMENT_TARGET = 14.5;
				MTL_ENABLE_DEBUG_INFO = INCLUDE_SOURCE;
				MTL_FAST_MATH = YES;
				ONLY_ACTIVE_ARCH = YES;
				SDKROOT = iphoneos;
				SWIFT_ACTIVE_COMPILATION_CONDITIONS = DEBUG;
				SWIFT_OPTIMIZATION_LEVEL = "-Onone";
			};
			name = Debug;
		};
		3D28B7662696CCB800BD2E58 /* Release */ = {
			isa = XCBuildConfiguration;
			buildSettings = {
				ALWAYS_SEARCH_USER_PATHS = NO;
				CLANG_ANALYZER_NONNULL = YES;
				CLANG_ANALYZER_NUMBER_OBJECT_CONVERSION = YES_AGGRESSIVE;
				CLANG_CXX_LANGUAGE_STANDARD = "gnu++14";
				CLANG_CXX_LIBRARY = "libc++";
				CLANG_ENABLE_MODULES = YES;
				CLANG_ENABLE_OBJC_ARC = YES;
				CLANG_ENABLE_OBJC_WEAK = YES;
				CLANG_WARN_BLOCK_CAPTURE_AUTORELEASING = YES;
				CLANG_WARN_BOOL_CONVERSION = YES;
				CLANG_WARN_COMMA = YES;
				CLANG_WARN_CONSTANT_CONVERSION = YES;
				CLANG_WARN_DEPRECATED_OBJC_IMPLEMENTATIONS = YES;
				CLANG_WARN_DIRECT_OBJC_ISA_USAGE = YES_ERROR;
				CLANG_WARN_DOCUMENTATION_COMMENTS = YES;
				CLANG_WARN_EMPTY_BODY = YES;
				CLANG_WARN_ENUM_CONVERSION = YES;
				CLANG_WARN_INFINITE_RECURSION = YES;
				CLANG_WARN_INT_CONVERSION = YES;
				CLANG_WARN_NON_LITERAL_NULL_CONVERSION = YES;
				CLANG_WARN_OBJC_IMPLICIT_RETAIN_SELF = YES;
				CLANG_WARN_OBJC_LITERAL_CONVERSION = YES;
				CLANG_WARN_OBJC_ROOT_CLASS = YES_ERROR;
				CLANG_WARN_QUOTED_INCLUDE_IN_FRAMEWORK_HEADER = YES;
				CLANG_WARN_RANGE_LOOP_ANALYSIS = YES;
				CLANG_WARN_STRICT_PROTOTYPES = YES;
				CLANG_WARN_SUSPICIOUS_MOVE = YES;
				CLANG_WARN_UNGUARDED_AVAILABILITY = YES_AGGRESSIVE;
				CLANG_WARN_UNREACHABLE_CODE = YES;
				CLANG_WARN__DUPLICATE_METHOD_MATCH = YES;
				COPY_PHASE_STRIP = NO;
				DEBUG_INFORMATION_FORMAT = "dwarf-with-dsym";
				ENABLE_NS_ASSERTIONS = NO;
				ENABLE_STRICT_OBJC_MSGSEND = YES;
				GCC_C_LANGUAGE_STANDARD = gnu11;
				GCC_NO_COMMON_BLOCKS = YES;
				GCC_WARN_64_TO_32_BIT_CONVERSION = YES;
				GCC_WARN_ABOUT_RETURN_TYPE = YES_ERROR;
				GCC_WARN_UNDECLARED_SELECTOR = YES;
				GCC_WARN_UNINITIALIZED_AUTOS = YES_AGGRESSIVE;
				GCC_WARN_UNUSED_FUNCTION = YES;
				GCC_WARN_UNUSED_VARIABLE = YES;
				IPHONEOS_DEPLOYMENT_TARGET = 14.5;
				MTL_ENABLE_DEBUG_INFO = NO;
				MTL_FAST_MATH = YES;
				SDKROOT = iphoneos;
				SWIFT_COMPILATION_MODE = wholemodule;
				SWIFT_OPTIMIZATION_LEVEL = "-O";
				VALIDATE_PRODUCT = YES;
			};
			name = Release;
		};
		3D28B7682696CCB800BD2E58 /* Debug */ = {
			isa = XCBuildConfiguration;
			buildSettings = {
				ASSETCATALOG_COMPILER_APPICON_NAME = AppIcon;
				ASSETCATALOG_COMPILER_GLOBAL_ACCENT_COLOR_NAME = AccentColor;
				CODE_SIGN_STYLE = Automatic;
				DEVELOPMENT_ASSET_PATHS = "\"AnimApp/Preview Content\"";
				DEVELOPMENT_TEAM = 4NYNKSRA5Z;
				ENABLE_PREVIEWS = YES;
				INFOPLIST_FILE = AnimApp/Info.plist;
				LD_RUNPATH_SEARCH_PATHS = (
					"$(inherited)",
					"@executable_path/Frameworks",
				);
				PRODUCT_BUNDLE_IDENTIFIER = kr.ac.kpu.ce.ios.scgyong.AnimApp;
				PRODUCT_NAME = "$(TARGET_NAME)";
				SWIFT_VERSION = 5.0;
				TARGETED_DEVICE_FAMILY = "1,2";
			};
			name = Debug;
		};
		3D28B7692696CCB800BD2E58 /* Release */ = {
			isa = XCBuildConfiguration;
			buildSettings = {
				ASSETCATALOG_COMPILER_APPICON_NAME = AppIcon;
				ASSETCATALOG_COMPILER_GLOBAL_ACCENT_COLOR_NAME = AccentColor;
				CODE_SIGN_STYLE = Automatic;
				DEVELOPMENT_ASSET_PATHS = "\"AnimApp/Preview Content\"";
				DEVELOPMENT_TEAM = 4NYNKSRA5Z;
				ENABLE_PREVIEWS = YES;
				INFOPLIST_FILE = AnimApp/Info.plist;
				LD_RUNPATH_SEARCH_PATHS = (
					"$(inherited)",
					"@executable_path/Frameworks",
				);
				PRODUCT_BUNDLE_IDENTIFIER = kr.ac.kpu.ce.ios.scgyong.AnimApp;
				PRODUCT_NAME = "$(TARGET_NAME)";
				SWIFT_VERSION = 5.0;
				TARGETED_DEVICE_FAMILY = "1,2";
			};
			name = Release;
		};
		3D28B76B2696CCB800BD2E58 /* Debug */ = {
			isa = XCBuildConfiguration;
			buildSettings = {
				ALWAYS_EMBED_SWIFT_STANDARD_LIBRARIES = YES;
				BUNDLE_LOADER = "$(TEST_HOST)";
				CODE_SIGN_STYLE = Automatic;
				DEVELOPMENT_TEAM = 4NYNKSRA5Z;
				INFOPLIST_FILE = AnimAppTests/Info.plist;
				IPHONEOS_DEPLOYMENT_TARGET = 14.5;
				LD_RUNPATH_SEARCH_PATHS = (
					"$(inherited)",
					"@executable_path/Frameworks",
					"@loader_path/Frameworks",
				);
				PRODUCT_BUNDLE_IDENTIFIER = kr.ac.kpu.ce.ios.scgyong.AnimAppTests;
				PRODUCT_NAME = "$(TARGET_NAME)";
				SWIFT_VERSION = 5.0;
				TARGETED_DEVICE_FAMILY = "1,2";
				TEST_HOST = "$(BUILT_PRODUCTS_DIR)/AnimApp.app/AnimApp";
			};
			name = Debug;
		};
		3D28B76C2696CCB800BD2E58 /* Release */ = {
			isa = XCBuildConfiguration;
			buildSettings = {
				ALWAYS_EMBED_SWIFT_STANDARD_LIBRARIES = YES;
				BUNDLE_LOADER = "$(TEST_HOST)";
				CODE_SIGN_STYLE = Automatic;
				DEVELOPMENT_TEAM = 4NYNKSRA5Z;
				INFOPLIST_FILE = AnimAppTests/Info.plist;
				IPHONEOS_DEPLOYMENT_TARGET = 14.5;
				LD_RUNPATH_SEARCH_PATHS = (
					"$(inherited)",
					"@executable_path/Frameworks",
					"@loader_path/Frameworks",
				);
				PRODUCT_BUNDLE_IDENTIFIER = kr.ac.kpu.ce.ios.scgyong.AnimAppTests;
				PRODUCT_NAME = "$(TARGET_NAME)";
				SWIFT_VERSION = 5.0;
				TARGETED_DEVICE_FAMILY = "1,2";
				TEST_HOST = "$(BUILT_PRODUCTS_DIR)/AnimApp.app/AnimApp";
			};
			name = Release;
		};
		3D28B76E2696CCB800BD2E58 /* Debug */ = {
			isa = XCBuildConfiguration;
			buildSettings = {
				ALWAYS_EMBED_SWIFT_STANDARD_LIBRARIES = YES;
				CODE_SIGN_STYLE = Automatic;
				DEVELOPMENT_TEAM = 4NYNKSRA5Z;
				INFOPLIST_FILE = AnimAppUITests/Info.plist;
				LD_RUNPATH_SEARCH_PATHS = (
					"$(inherited)",
					"@executable_path/Frameworks",
					"@loader_path/Frameworks",
				);
				PRODUCT_BUNDLE_IDENTIFIER = kr.ac.kpu.ce.ios.scgyong.AnimAppUITests;
				PRODUCT_NAME = "$(TARGET_NAME)";
				SWIFT_VERSION = 5.0;
				TARGETED_DEVICE_FAMILY = "1,2";
				TEST_TARGET_NAME = AnimApp;
			};
			name = Debug;
		};
		3D28B76F2696CCB800BD2E58 /* Release */ = {
			isa = XCBuildConfiguration;
			buildSettings = {
				ALWAYS_EMBED_SWIFT_STANDARD_LIBRARIES = YES;
				CODE_SIGN_STYLE = Automatic;
				DEVELOPMENT_TEAM = 4NYNKSRA5Z;
				INFOPLIST_FILE = AnimAppUITests/Info.plist;
				LD_RUNPATH_SEARCH_PATHS = (
					"$(inherited)",
					"@executable_path/Frameworks",
					"@loader_path/Frameworks",
				);
				PRODUCT_BUNDLE_IDENTIFIER = kr.ac.kpu.ce.ios.scgyong.AnimAppUITests;
				PRODUCT_NAME = "$(TARGET_NAME)";
				SWIFT_VERSION = 5.0;
				TARGETED_DEVICE_FAMILY = "1,2";
				TEST_TARGET_NAME = AnimApp;
			};
			name = Release;
		};
/* End XCBuildConfiguration section */

/* Begin XCConfigurationList section */
		3D28B7382696CCB400BD2E58 /* Build configuration list for PBXProject "AnimApp" */ = {
			isa = XCConfigurationList;
			buildConfigurations = (
				3D28B7652696CCB800BD2E58 /* Debug */,
				3D28B7662696CCB800BD2E58 /* Release */,
			);
			defaultConfigurationIsVisible = 0;
			defaultConfigurationName = Release;
		};
		3D28B7672696CCB800BD2E58 /* Build configuration list for PBXNativeTarget "AnimApp" */ = {
			isa = XCConfigurationList;
			buildConfigurations = (
				3D28B7682696CCB800BD2E58 /* Debug */,
				3D28B7692696CCB800BD2E58 /* Release */,
			);
			defaultConfigurationIsVisible = 0;
			defaultConfigurationName = Release;
		};
		3D28B76A2696CCB800BD2E58 /* Build configuration list for PBXNativeTarget "AnimAppTests" */ = {
			isa = XCConfigurationList;
			buildConfigurations = (
				3D28B76B2696CCB800BD2E58 /* Debug */,
				3D28B76C2696CCB800BD2E58 /* Release */,
			);
			defaultConfigurationIsVisible = 0;
			defaultConfigurationName = Release;
		};
		3D28B76D2696CCB800BD2E58 /* Build configuration list for PBXNativeTarget "AnimAppUITests" */ = {
			isa = XCConfigurationList;
			buildConfigurations = (
				3D28B76E2696CCB800BD2E58 /* Debug */,
				3D28B76F2696CCB800BD2E58 /* Release */,
			);
			defaultConfigurationIsVisible = 0;
			defaultConfigurationName = Release;
		};
/* End XCConfigurationList section */
	};
	rootObject = 3D28B7352696CCB400BD2E58 /* Project object */;
}
